{
  "version": 4,
  "terraform_version": "0.12.24",
  "serial": 6,
  "lineage": "6eb594e3-e01d-f71d-b28e-314e187a4fcb",
  "outputs": {},
  "resources": [
    {
      "mode": "managed",
      "type": "aws_s3_bucket",
      "name": "terraform_state",
      "provider": "provider.aws",
      "instances": [
        {
          "schema_version": 0,
          "attributes": {
            "acceleration_status": "",
            "acl": "private",
            "arn": "arn:aws:s3:::egov-dev-terraform-state-store",
            "bucket": "egov-dev-terraform-state-store",
            "bucket_domain_name": "egov-dev-terraform-state-store.s3.amazonaws.com",
            "bucket_prefix": null,
            "bucket_regional_domain_name": "egov-dev-terraform-state-store.s3.ap-south-1.amazonaws.com",
            "cors_rule": [],
            "force_destroy": false,
            "grant": [],
            "hosted_zone_id": "Z11RGJOFQNVJUP",
            "id": "egov-dev-terraform-state-store",
            "lifecycle_rule": [],
            "logging": [],
            "object_lock_configuration": [],
            "policy": null,
            "region": "ap-south-1",
            "replication_configuration": [],
            "request_payer": "BucketOwner",
            "server_side_encryption_configuration": [],
            "tags": {},
            "versioning": [
              {
                "enabled": true,
                "mfa_delete": false
              }
            ],
            "website": [],
            "website_domain": null,
            "website_endpoint": null
          }
        }
      ]
    }
  ]
}
