{
  "version": 4,
  "terraform_version": "0.12.2",
  "serial": 54,
  "lineage": "4271d78b-1fb6-47a6-718c-7895ad269196",
  "outputs": {},
  "resources": [
    {
      "module": "module.worker-nodes",
      "mode": "data",
      "type": "aws_ami",
      "name": "eks_worker",
      "provider": "provider.aws",
      "instances": []
    },
    {
      "mode": "data",
      "type": "aws_availability_zones",
      "name": "available",
      "provider": "provider.aws",
      "instances": [
        {
          "schema_version": 0,
          "attributes": {
            "blacklisted_names": null,
            "blacklisted_zone_ids": null,
            "id": "2019-08-10 10:54:27.085516 +0000 UTC",
            "names": [
              "ap-south-1a",
              "ap-south-1b",
              "ap-south-1c"
            ],
            "state": null,
            "zone_ids": [
              "aps1-az1",
              "aps1-az3",
              "aps1-az2"
            ]
          }
        }
      ]
    },
    {
      "mode": "data",
      "type": "aws_region",
      "name": "current",
      "provider": "provider.aws",
      "instances": [
        {
          "schema_version": 0,
          "attributes": {
            "current": null,
            "description": "Asia Pacific (Mumbai)",
            "endpoint": "ec2.ap-south-1.amazonaws.com",
            "id": "ap-south-1",
            "name": "ap-south-1"
          }
        }
      ]
    },
    {
      "module": "module.worker-nodes",
      "mode": "data",
      "type": "template_file",
      "name": "user_data_hw",
      "provider": "provider.template",
      "instances": [
        {
          "schema_version": 0,
          "attributes": {
            "filename": null,
            "id": "ca9594015fb15e70572fca73653dac75e4a80ac380b66413a07b0727b24ed217",
            "rendered": "#!/bin/bash\r\nset -o xtrace\r\n/etc/eks/bootstrap.sh --apiserver-endpoint 'https://AD54C4863384CD1D394A6ACF3A81BEDF.yl4.ap-south-1.eks.amazonaws.com' --b64-cluster-ca 'LS0tLS1CRUdJTiBDRVJUSUZJQ0FURS0tLS0tCk1JSUN5RENDQWJDZ0F3SUJBZ0lCQURBTkJna3Foa2lHOXcwQkFRc0ZBREFWTVJNd0VRWURWUVFERXdwcmRXSmwKY201bGRHVnpNQjRYRFRFNU1EZ3hNREV4TURReU0xb1hEVEk1TURnd056RXhNRFF5TTFvd0ZURVRNQkVHQTFVRQpBeE1LYTNWaVpYSnVaWFJsY3pDQ0FTSXdEUVlKS29aSWh2Y05BUUVCQlFBRGdnRVBBRENDQVFvQ2dnRUJBTFdRCjlIZ3ZHV1RMMHVHZHZRZHFBOWZISFN1SGo2T3ZENEo2L1pIQ3BuY1A5bWEyb0pLanFoUjJoTW5MejIyK2xmR0IKQXkwZFFnQzNqM2xuck5vVUVXN2JCYmdIWHF5ZTVBL3poejljTXZ5Ym5sOGxVbEJmQ2xERHJUSEZwTWE0RG5lRApEcFVsd1A4eWdaRjZyYThjbVh2UUJLYXNQQy9nSUNKdkdFOVp1VG9NVnFHanFwM2NrUWczd0VjZmsvZnFxTWZuCjEvWmVYZUVWOW9aM3VoRER1ZlJQNE9WMXFaR2VJS1BNRzVWMkZzUDQ5aFpSUnhtMjl1WlYyYm1mVHhtZ3NOKzEKV1dVRm9COVpCdEM0bkdiOElWV09sVVBLaUg0SFhDeXZMMHZkVmI5am90WlVJdHNJT0FOdlI4cndEZmZuQ2FCTQpXMUtaRHFGTzBDNDlqRmt0ODJNQ0F3RUFBYU1qTUNFd0RnWURWUjBQQVFIL0JBUURBZ0trTUE4R0ExVWRFd0VCCi93UUZNQU1CQWY4d0RRWUpLb1pJaHZjTkFRRUxCUUFEZ2dFQkFHZXlTb0pveWZDS2RSNU90V0hEQjJTSS9wU0YKdDJxVk5oa0hLMEFNUVFqSjYxelhqMTdCTW1QeFRRQW9wbDM5S2VWbys5L2g4SlEvcFkzYlBEWnlxM1VRd2I3dwpOTmRYM05CYVdjMTNWd2NGN1VHTnhNTjVlc2lYUXlQaUYwVSt5enVsSHMvRkhSamJJTzlzQ293ZnRjbFlmRE9VCnFhY0Jyd1hpQm8wSnhHQm9pc2FPenpJWTFYYngyRHJWU0k1eDNOK2NvS3QrQTFrVzVQc0daT29XWnBqSWhlQTgKeWJqazlCMURaSDBtUkM1VkExWUNTaXJEcGtQRlg4WnJrMXJTQzgzMC9ndVM1Tk1QckcwZ0FxcnI5dDdXWEpycApFbndHQUsxU2thcjJrSVpiRlgwZEZwUDFwaThiaDhhMVZIZ2VadjJGaGpsd3MycEd6djlPS2w0R0g2VT0KLS0tLS1FTkQgQ0VSVElGSUNBVEUtLS0tLQo=' 'ukd-micro-prod'\r\n",
            "template": "#!/bin/bash\r\nset -o xtrace\r\n/etc/eks/bootstrap.sh --apiserver-endpoint 'https://AD54C4863384CD1D394A6ACF3A81BEDF.yl4.ap-south-1.eks.amazonaws.com' --b64-cluster-ca 'LS0tLS1CRUdJTiBDRVJUSUZJQ0FURS0tLS0tCk1JSUN5RENDQWJDZ0F3SUJBZ0lCQURBTkJna3Foa2lHOXcwQkFRc0ZBREFWTVJNd0VRWURWUVFERXdwcmRXSmwKY201bGRHVnpNQjRYRFRFNU1EZ3hNREV4TURReU0xb1hEVEk1TURnd056RXhNRFF5TTFvd0ZURVRNQkVHQTFVRQpBeE1LYTNWaVpYSnVaWFJsY3pDQ0FTSXdEUVlKS29aSWh2Y05BUUVCQlFBRGdnRVBBRENDQVFvQ2dnRUJBTFdRCjlIZ3ZHV1RMMHVHZHZRZHFBOWZISFN1SGo2T3ZENEo2L1pIQ3BuY1A5bWEyb0pLanFoUjJoTW5MejIyK2xmR0IKQXkwZFFnQzNqM2xuck5vVUVXN2JCYmdIWHF5ZTVBL3poejljTXZ5Ym5sOGxVbEJmQ2xERHJUSEZwTWE0RG5lRApEcFVsd1A4eWdaRjZyYThjbVh2UUJLYXNQQy9nSUNKdkdFOVp1VG9NVnFHanFwM2NrUWczd0VjZmsvZnFxTWZuCjEvWmVYZUVWOW9aM3VoRER1ZlJQNE9WMXFaR2VJS1BNRzVWMkZzUDQ5aFpSUnhtMjl1WlYyYm1mVHhtZ3NOKzEKV1dVRm9COVpCdEM0bkdiOElWV09sVVBLaUg0SFhDeXZMMHZkVmI5am90WlVJdHNJT0FOdlI4cndEZmZuQ2FCTQpXMUtaRHFGTzBDNDlqRmt0ODJNQ0F3RUFBYU1qTUNFd0RnWURWUjBQQVFIL0JBUURBZ0trTUE4R0ExVWRFd0VCCi93UUZNQU1CQWY4d0RRWUpLb1pJaHZjTkFRRUxCUUFEZ2dFQkFHZXlTb0pveWZDS2RSNU90V0hEQjJTSS9wU0YKdDJxVk5oa0hLMEFNUVFqSjYxelhqMTdCTW1QeFRRQW9wbDM5S2VWbys5L2g4SlEvcFkzYlBEWnlxM1VRd2I3dwpOTmRYM05CYVdjMTNWd2NGN1VHTnhNTjVlc2lYUXlQaUYwVSt5enVsSHMvRkhSamJJTzlzQ293ZnRjbFlmRE9VCnFhY0Jyd1hpQm8wSnhHQm9pc2FPenpJWTFYYngyRHJWU0k1eDNOK2NvS3QrQTFrVzVQc0daT29XWnBqSWhlQTgKeWJqazlCMURaSDBtUkM1VkExWUNTaXJEcGtQRlg4WnJrMXJTQzgzMC9ndVM1Tk1QckcwZ0FxcnI5dDdXWEpycApFbndHQUsxU2thcjJrSVpiRlgwZEZwUDFwaThiaDhhMVZIZ2VadjJGaGpsd3MycEd6djlPS2w0R0g2VT0KLS0tLS1FTkQgQ0VSVElGSUNBVEUtLS0tLQo=' 'ukd-micro-prod'\r\n",
            "vars": null
          }
        }
      ]
    },
    {
      "module": "module.worker-nodes",
      "mode": "managed",
      "type": "aws_autoscaling_group",
      "name": "asg",
      "provider": "provider.aws",
      "instances": []
    },
    {
      "mode": "managed",
      "type": "aws_ebs_volume",
      "name": "kafka_1c_vol",
      "provider": "provider.aws",
      "instances": [
        {
          "schema_version": 0,
          "attributes": {
            "arn": "arn:aws:ec2:ap-south-1:858939373355:volume/vol-0a09fa03f99e8534a",
            "availability_zone": "ap-south-1c",
            "encrypted": false,
            "id": "vol-0a09fa03f99e8534a",
            "iops": 150,
            "kms_key_id": "",
            "size": 50,
            "snapshot_id": "",
            "tags": {
              "KubernetesCluster": "ukd-micro-prod",
              "Name": "kafka-2"
            },
            "type": "gp2"
          },
          "private": "bnVsbA=="
        }
      ]
    },
    {
      "module": "module.zookeeper",
      "mode": "managed",
      "type": "aws_ebs_volume",
      "name": "vol",
      "each": "list",
      "provider": "provider.aws",
      "instances": [
        {
          "index_key": 0,
          "schema_version": 0,
          "attributes": {
            "arn": "arn:aws:ec2:ap-south-1:858939373355:volume/vol-0f5b595f7945d70c1",
            "availability_zone": "ap-south-1a",
            "encrypted": false,
            "id": "vol-0f5b595f7945d70c1",
            "iops": 100,
            "kms_key_id": "",
            "size": 5,
            "snapshot_id": "",
            "tags": {
              "KubernetesCluster": "ukd-micro-prod",
              "Name": "zookeeper-0"
            },
            "type": "gp2"
          },
          "private": "bnVsbA=="
        },
        {
          "index_key": 1,
          "schema_version": 0,
          "attributes": {
            "arn": "arn:aws:ec2:ap-south-1:858939373355:volume/vol-0d5e559cf48780e08",
            "availability_zone": "ap-south-1b",
            "encrypted": false,
            "id": "vol-0d5e559cf48780e08",
            "iops": 100,
            "kms_key_id": "",
            "size": 5,
            "snapshot_id": "",
            "tags": {
              "KubernetesCluster": "ukd-micro-prod",
              "Name": "zookeeper-1"
            },
            "type": "gp2"
          },
          "private": "bnVsbA=="
        },
        {
          "index_key": 2,
          "schema_version": 0,
          "attributes": {
            "arn": "arn:aws:ec2:ap-south-1:858939373355:volume/vol-0d1777170c151fa45",
            "availability_zone": "ap-south-1c",
            "encrypted": false,
            "id": "vol-0d1777170c151fa45",
            "iops": 100,
            "kms_key_id": "",
            "size": 5,
            "snapshot_id": "",
            "tags": {
              "KubernetesCluster": "ukd-micro-prod",
              "Name": "zookeeper-2"
            },
            "type": "gp2"
          },
          "private": "bnVsbA=="
        }
      ]
    },
    {
      "module": "module.es-master-infra",
      "mode": "managed",
      "type": "aws_ebs_volume",
      "name": "vol",
      "each": "list",
      "provider": "provider.aws",
      "instances": [
        {
          "index_key": 0,
          "schema_version": 0,
          "attributes": {
            "arn": "arn:aws:ec2:ap-south-1:858939373355:volume/vol-00ad27a9f6792e41e",
            "availability_zone": "ap-south-1a",
            "encrypted": false,
            "id": "vol-00ad27a9f6792e41e",
            "iops": 100,
            "kms_key_id": "",
            "size": 2,
            "snapshot_id": "",
            "tags": {
              "KubernetesCluster": "ukd-micro-prod",
              "Name": "es-master-infra-0"
            },
            "type": "gp2"
          },
          "private": "bnVsbA=="
        },
        {
          "index_key": 1,
          "schema_version": 0,
          "attributes": {
            "arn": "arn:aws:ec2:ap-south-1:858939373355:volume/vol-089c9b5e1cb4efb22",
            "availability_zone": "ap-south-1b",
            "encrypted": false,
            "id": "vol-089c9b5e1cb4efb22",
            "iops": 100,
            "kms_key_id": "",
            "size": 2,
            "snapshot_id": "",
            "tags": {
              "KubernetesCluster": "ukd-micro-prod",
              "Name": "es-master-infra-1"
            },
            "type": "gp2"
          },
          "private": "bnVsbA=="
        },
        {
          "index_key": 2,
          "schema_version": 0,
          "attributes": {
            "arn": "arn:aws:ec2:ap-south-1:858939373355:volume/vol-063537bd13c25880f",
            "availability_zone": "ap-south-1c",
            "encrypted": false,
            "id": "vol-063537bd13c25880f",
            "iops": 100,
            "kms_key_id": "",
            "size": 2,
            "snapshot_id": "",
            "tags": {
              "KubernetesCluster": "ukd-micro-prod",
              "Name": "es-master-infra-2"
            },
            "type": "gp2"
          },
          "private": "bnVsbA=="
        }
      ]
    },
    {
      "module": "module.es-data-v1",
      "mode": "managed",
      "type": "aws_ebs_volume",
      "name": "vol",
      "each": "list",
      "provider": "provider.aws",
      "instances": [
        {
          "index_key": 0,
          "schema_version": 0,
          "attributes": {
            "arn": "arn:aws:ec2:ap-south-1:858939373355:volume/vol-02995e68db12ab3af",
            "availability_zone": "ap-south-1a",
            "encrypted": false,
            "id": "vol-02995e68db12ab3af",
            "iops": 100,
            "kms_key_id": "",
            "size": 25,
            "snapshot_id": "",
            "tags": {
              "KubernetesCluster": "ukd-micro-prod",
              "Name": "es-data-v1-0"
            },
            "type": "gp2"
          },
          "private": "bnVsbA=="
        },
        {
          "index_key": 1,
          "schema_version": 0,
          "attributes": {
            "arn": "arn:aws:ec2:ap-south-1:858939373355:volume/vol-0f8e3e42cfb7a7700",
            "availability_zone": "ap-south-1b",
            "encrypted": false,
            "id": "vol-0f8e3e42cfb7a7700",
            "iops": 100,
            "kms_key_id": "",
            "size": 25,
            "snapshot_id": "",
            "tags": {
              "KubernetesCluster": "ukd-micro-prod",
              "Name": "es-data-v1-1"
            },
            "type": "gp2"
          },
          "private": "bnVsbA=="
        },
        {
          "index_key": 2,
          "schema_version": 0,
          "attributes": {
            "arn": "arn:aws:ec2:ap-south-1:858939373355:volume/vol-0269186ebe078d606",
            "availability_zone": "ap-south-1c",
            "encrypted": false,
            "id": "vol-0269186ebe078d606",
            "iops": 100,
            "kms_key_id": "",
            "size": 25,
            "snapshot_id": "",
            "tags": {
              "KubernetesCluster": "ukd-micro-prod",
              "Name": "es-data-v1-2"
            },
            "type": "gp2"
          },
          "private": "bnVsbA=="
        }
      ]
    },
    {
      "module": "module.es-master",
      "mode": "managed",
      "type": "aws_ebs_volume",
      "name": "vol",
      "each": "list",
      "provider": "provider.aws",
      "instances": [
        {
          "index_key": 0,
          "schema_version": 0,
          "attributes": {
            "arn": "arn:aws:ec2:ap-south-1:858939373355:volume/vol-0531b96eac2d17418",
            "availability_zone": "ap-south-1a",
            "encrypted": false,
            "id": "vol-0531b96eac2d17418",
            "iops": 100,
            "kms_key_id": "",
            "size": 2,
            "snapshot_id": "",
            "tags": {
              "KubernetesCluster": "ukd-micro-prod",
              "Name": "es-master-0"
            },
            "type": "gp2"
          },
          "private": "bnVsbA=="
        },
        {
          "index_key": 1,
          "schema_version": 0,
          "attributes": {
            "arn": "arn:aws:ec2:ap-south-1:858939373355:volume/vol-0033afe3f5e92e3a7",
            "availability_zone": "ap-south-1b",
            "encrypted": false,
            "id": "vol-0033afe3f5e92e3a7",
            "iops": 100,
            "kms_key_id": "",
            "size": 2,
            "snapshot_id": "",
            "tags": {
              "KubernetesCluster": "ukd-micro-prod",
              "Name": "es-master-1"
            },
            "type": "gp2"
          },
          "private": "bnVsbA=="
        },
        {
          "index_key": 2,
          "schema_version": 0,
          "attributes": {
            "arn": "arn:aws:ec2:ap-south-1:858939373355:volume/vol-023d6ccd13a2ba4f8",
            "availability_zone": "ap-south-1c",
            "encrypted": false,
            "id": "vol-023d6ccd13a2ba4f8",
            "iops": 100,
            "kms_key_id": "",
            "size": 2,
            "snapshot_id": "",
            "tags": {
              "KubernetesCluster": "ukd-micro-prod",
              "Name": "es-master-2"
            },
            "type": "gp2"
          },
          "private": "bnVsbA=="
        }
      ]
    },
    {
      "module": "module.kafka-infra",
      "mode": "managed",
      "type": "aws_ebs_volume",
      "name": "vol",
      "each": "list",
      "provider": "provider.aws",
      "instances": [
        {
          "index_key": 0,
          "schema_version": 0,
          "attributes": {
            "arn": "arn:aws:ec2:ap-south-1:858939373355:volume/vol-097625283a9860047",
            "availability_zone": "ap-south-1a",
            "encrypted": false,
            "id": "vol-097625283a9860047",
            "iops": 0,
            "kms_key_id": "",
            "size": 500,
            "snapshot_id": "",
            "tags": {
              "KubernetesCluster": "ukd-micro-prod",
              "Name": "kafka-infra-0"
            },
            "type": "st1"
          },
          "private": "bnVsbA=="
        },
        {
          "index_key": 1,
          "schema_version": 0,
          "attributes": {
            "arn": "arn:aws:ec2:ap-south-1:858939373355:volume/vol-018f2a292a8e1b734",
            "availability_zone": "ap-south-1b",
            "encrypted": false,
            "id": "vol-018f2a292a8e1b734",
            "iops": 0,
            "kms_key_id": "",
            "size": 500,
            "snapshot_id": "",
            "tags": {
              "KubernetesCluster": "ukd-micro-prod",
              "Name": "kafka-infra-1"
            },
            "type": "st1"
          },
          "private": "bnVsbA=="
        },
        {
          "index_key": 2,
          "schema_version": 0,
          "attributes": {
            "arn": "arn:aws:ec2:ap-south-1:858939373355:volume/vol-0df9316913df8c4ea",
            "availability_zone": "ap-south-1c",
            "encrypted": false,
            "id": "vol-0df9316913df8c4ea",
            "iops": 0,
            "kms_key_id": "",
            "size": 500,
            "snapshot_id": "",
            "tags": {
              "KubernetesCluster": "ukd-micro-prod",
              "Name": "kafka-infra-2"
            },
            "type": "st1"
          },
          "private": "bnVsbA=="
        }
      ]
    },
    {
      "module": "module.es-data-infra-v1",
      "mode": "managed",
      "type": "aws_ebs_volume",
      "name": "vol",
      "each": "list",
      "provider": "provider.aws",
      "instances": [
        {
          "index_key": 0,
          "schema_version": 0,
          "attributes": {
            "arn": "arn:aws:ec2:ap-south-1:858939373355:volume/vol-0ae5c18e9c2570924",
            "availability_zone": "ap-south-1a",
            "encrypted": false,
            "id": "vol-0ae5c18e9c2570924",
            "iops": 100,
            "kms_key_id": "",
            "size": 30,
            "snapshot_id": "",
            "tags": {
              "KubernetesCluster": "ukd-micro-prod",
              "Name": "es-data-infra-v1-0"
            },
            "type": "gp2"
          },
          "private": "bnVsbA=="
        },
        {
          "index_key": 1,
          "schema_version": 0,
          "attributes": {
            "arn": "arn:aws:ec2:ap-south-1:858939373355:volume/vol-039a64b9e670ce810",
            "availability_zone": "ap-south-1b",
            "encrypted": false,
            "id": "vol-039a64b9e670ce810",
            "iops": 100,
            "kms_key_id": "",
            "size": 30,
            "snapshot_id": "",
            "tags": {
              "KubernetesCluster": "ukd-micro-prod",
              "Name": "es-data-infra-v1-1"
            },
            "type": "gp2"
          },
          "private": "bnVsbA=="
        },
        {
          "index_key": 2,
          "schema_version": 0,
          "attributes": {
            "arn": "arn:aws:ec2:ap-south-1:858939373355:volume/vol-05e1222757a1c58c8",
            "availability_zone": "ap-south-1c",
            "encrypted": false,
            "id": "vol-05e1222757a1c58c8",
            "iops": 100,
            "kms_key_id": "",
            "size": 30,
            "snapshot_id": "",
            "tags": {
              "KubernetesCluster": "ukd-micro-prod",
              "Name": "es-data-infra-v1-2"
            },
            "type": "gp2"
          },
          "private": "bnVsbA=="
        }
      ]
    },
    {
      "mode": "managed",
      "type": "aws_ebs_volume",
      "name": "vol_by_snapshots",
      "each": "list",
      "provider": "provider.aws",
      "instances": []
    },
    {
      "module": "module.network",
      "mode": "managed",
      "type": "aws_eip",
      "name": "eip",
      "provider": "provider.aws",
      "instances": [
        {
          "schema_version": 0,
          "attributes": {
            "allocation_id": null,
            "associate_with_private_ip": null,
            "association_id": "",
            "domain": "vpc",
            "id": "eipalloc-0df668a02ab63dc04",
            "instance": "",
            "network_interface": "",
            "private_dns": null,
            "private_ip": "",
            "public_dns": "ec2-13-235-203-125.ap-south-1.compute.amazonaws.com",
            "public_ip": "13.235.203.125",
            "public_ipv4_pool": "amazon",
            "tags": {
              "KubernetesCluster": "ukd-micro-prod",
              "Name": "eip-ukd-micro-prod",
              "kubernetes.io/cluster/ukd-micro-prod": "owned"
            },
            "timeouts": null,
            "vpc": true
          },
          "private": "eyJlMmJmYjczMC1lY2FhLTExZTYtOGY4OC0zNDM2M2JjN2M0YzAiOnsiZGVsZXRlIjoxODAwMDAwMDAwMDAsInJlYWQiOjkwMDAwMDAwMDAwMCwidXBkYXRlIjozMDAwMDAwMDAwMDB9fQ==",
          "depends_on": [
            "aws_internet_gateway.internet_gateway"
          ]
        }
      ]
    },
    {
      "module": "module.eks-cluster",
      "mode": "managed",
      "type": "aws_eks_cluster",
      "name": "eks_cluster",
      "provider": "provider.aws",
      "instances": [
        {
          "schema_version": 0,
          "attributes": {
            "arn": "arn:aws:eks:ap-south-1:858939373355:cluster/ukd-micro-prod",
            "certificate_authority": [
              {
                "data": "LS0tLS1CRUdJTiBDRVJUSUZJQ0FURS0tLS0tCk1JSUN5RENDQWJDZ0F3SUJBZ0lCQURBTkJna3Foa2lHOXcwQkFRc0ZBREFWTVJNd0VRWURWUVFERXdwcmRXSmwKY201bGRHVnpNQjRYRFRFNU1EZ3hNREV4TURReU0xb1hEVEk1TURnd056RXhNRFF5TTFvd0ZURVRNQkVHQTFVRQpBeE1LYTNWaVpYSnVaWFJsY3pDQ0FTSXdEUVlKS29aSWh2Y05BUUVCQlFBRGdnRVBBRENDQVFvQ2dnRUJBTFdRCjlIZ3ZHV1RMMHVHZHZRZHFBOWZISFN1SGo2T3ZENEo2L1pIQ3BuY1A5bWEyb0pLanFoUjJoTW5MejIyK2xmR0IKQXkwZFFnQzNqM2xuck5vVUVXN2JCYmdIWHF5ZTVBL3poejljTXZ5Ym5sOGxVbEJmQ2xERHJUSEZwTWE0RG5lRApEcFVsd1A4eWdaRjZyYThjbVh2UUJLYXNQQy9nSUNKdkdFOVp1VG9NVnFHanFwM2NrUWczd0VjZmsvZnFxTWZuCjEvWmVYZUVWOW9aM3VoRER1ZlJQNE9WMXFaR2VJS1BNRzVWMkZzUDQ5aFpSUnhtMjl1WlYyYm1mVHhtZ3NOKzEKV1dVRm9COVpCdEM0bkdiOElWV09sVVBLaUg0SFhDeXZMMHZkVmI5am90WlVJdHNJT0FOdlI4cndEZmZuQ2FCTQpXMUtaRHFGTzBDNDlqRmt0ODJNQ0F3RUFBYU1qTUNFd0RnWURWUjBQQVFIL0JBUURBZ0trTUE4R0ExVWRFd0VCCi93UUZNQU1CQWY4d0RRWUpLb1pJaHZjTkFRRUxCUUFEZ2dFQkFHZXlTb0pveWZDS2RSNU90V0hEQjJTSS9wU0YKdDJxVk5oa0hLMEFNUVFqSjYxelhqMTdCTW1QeFRRQW9wbDM5S2VWbys5L2g4SlEvcFkzYlBEWnlxM1VRd2I3dwpOTmRYM05CYVdjMTNWd2NGN1VHTnhNTjVlc2lYUXlQaUYwVSt5enVsSHMvRkhSamJJTzlzQ293ZnRjbFlmRE9VCnFhY0Jyd1hpQm8wSnhHQm9pc2FPenpJWTFYYngyRHJWU0k1eDNOK2NvS3QrQTFrVzVQc0daT29XWnBqSWhlQTgKeWJqazlCMURaSDBtUkM1VkExWUNTaXJEcGtQRlg4WnJrMXJTQzgzMC9ndVM1Tk1QckcwZ0FxcnI5dDdXWEpycApFbndHQUsxU2thcjJrSVpiRlgwZEZwUDFwaThiaDhhMVZIZ2VadjJGaGpsd3MycEd6djlPS2w0R0g2VT0KLS0tLS1FTkQgQ0VSVElGSUNBVEUtLS0tLQo="
              }
            ],
            "created_at": "2019-08-10 10:56:20 +0000 UTC",
            "enabled_cluster_log_types": null,
            "endpoint": "https://AD54C4863384CD1D394A6ACF3A81BEDF.yl4.ap-south-1.eks.amazonaws.com",
            "id": "ukd-micro-prod",
            "name": "ukd-micro-prod",
            "platform_version": "eks.3",
            "role_arn": "arn:aws:iam::858939373355:role/ukd-micro-prod-eks-iam",
            "status": "ACTIVE",
            "timeouts": null,
            "version": "1.12",
            "vpc_config": [
              {
                "endpoint_private_access": false,
                "endpoint_public_access": true,
                "security_group_ids": [
                  "sg-04baccab2f8ef9a81"
                ],
                "subnet_ids": [
                  "subnet-04fa3ec5b0e4bdfb3",
                  "subnet-056c2be1475870a17",
                  "subnet-0632f1a6f3acb8ed2",
                  "subnet-0669ca9884d7ffa9b",
                  "subnet-0bdd248da7d4d75c8",
                  "subnet-0cba4f878bb1d98be"
                ],
                "vpc_id": "vpc-08cd2bb68f0320361"
              }
            ]
          },
          "private": "eyJlMmJmYjczMC1lY2FhLTExZTYtOGY4OC0zNDM2M2JjN2M0YzAiOnsiY3JlYXRlIjoxODAwMDAwMDAwMDAwLCJkZWxldGUiOjkwMDAwMDAwMDAwMCwidXBkYXRlIjozNjAwMDAwMDAwMDAwfX0=",
          "depends_on": [
            "aws_iam_role.eks_iam",
            "aws_iam_role_policy_attachment.cluster_AmazonEKSClusterPolicy",
            "aws_iam_role_policy_attachment.cluster_AmazonEKSServicePolicy"
          ]
        }
      ]
    },
    {
      "module": "module.worker-nodes",
      "mode": "managed",
      "type": "aws_iam_instance_profile",
      "name": "worker_nodes",
      "provider": "provider.aws",
      "instances": [
        {
          "schema_version": 0,
          "attributes": {
            "arn": "arn:aws:iam::858939373355:instance-profile/ukd-micro-prod",
            "create_date": "2019-08-10T10:56:08Z",
            "id": "ukd-micro-prod",
            "name": "ukd-micro-prod",
            "name_prefix": null,
            "path": "/",
            "role": "ukd-micro-prod-ec2-iam",
            "roles": [],
            "unique_id": "AIPA4P7GGW4V7IZYVKDVX"
          },
          "private": "bnVsbA==",
          "depends_on": [
            "aws_iam_role.ec2_iam"
          ]
        }
      ]
    },
    {
      "module": "module.worker-nodes",
      "mode": "managed",
      "type": "aws_iam_role",
      "name": "ec2_iam",
      "provider": "provider.aws",
      "instances": [
        {
          "schema_version": 0,
          "attributes": {
            "arn": "arn:aws:iam::858939373355:role/ukd-micro-prod-ec2-iam",
            "assume_role_policy": "{\"Version\":\"2012-10-17\",\"Statement\":[{\"Effect\":\"Allow\",\"Principal\":{\"Service\":\"ec2.amazonaws.com\"},\"Action\":\"sts:AssumeRole\"}]}",
            "create_date": "2019-08-10T10:55:48Z",
            "description": "",
            "force_detach_policies": false,
            "id": "ukd-micro-prod-ec2-iam",
            "max_session_duration": 3600,
            "name": "ukd-micro-prod-ec2-iam",
            "name_prefix": null,
            "path": "/",
            "permissions_boundary": null,
            "tags": null,
            "unique_id": "AROA4P7GGW4VWYHKWSFRS"
          },
          "private": "bnVsbA=="
        }
      ]
    },
    {
      "module": "module.eks-cluster",
      "mode": "managed",
      "type": "aws_iam_role",
      "name": "eks_iam",
      "provider": "provider.aws",
      "instances": [
        {
          "schema_version": 0,
          "attributes": {
            "arn": "arn:aws:iam::858939373355:role/ukd-micro-prod-eks-iam",
            "assume_role_policy": "{\"Version\":\"2012-10-17\",\"Statement\":[{\"Effect\":\"Allow\",\"Principal\":{\"Service\":\"eks.amazonaws.com\"},\"Action\":\"sts:AssumeRole\"}]}",
            "create_date": "2019-08-10T10:55:48Z",
            "description": "",
            "force_detach_policies": false,
            "id": "ukd-micro-prod-eks-iam",
            "max_session_duration": 3600,
            "name": "ukd-micro-prod-eks-iam",
            "name_prefix": null,
            "path": "/",
            "permissions_boundary": null,
            "tags": {
              "KubernetesCluster": "ukd-micro-prod",
              "kubernetes.io/cluster/ukd-micro-prod": "owned"
            },
            "unique_id": "AROA4P7GGW4V2GXPPCFDR"
          },
          "private": "bnVsbA=="
        }
      ]
    },
    {
      "module": "module.eks-cluster",
      "mode": "managed",
      "type": "aws_iam_role_policy_attachment",
      "name": "cluster_AmazonEKSClusterPolicy",
      "provider": "provider.aws",
      "instances": [
        {
          "schema_version": 0,
          "attributes": {
            "id": "ukd-micro-prod-eks-iam-20190810105530464900000004",
            "policy_arn": "arn:aws:iam::aws:policy/AmazonEKSClusterPolicy",
            "role": "ukd-micro-prod-eks-iam"
          },
          "private": "bnVsbA==",
          "depends_on": [
            "aws_iam_role.eks_iam"
          ]
        }
      ]
    },
    {
      "module": "module.eks-cluster",
      "mode": "managed",
      "type": "aws_iam_role_policy_attachment",
      "name": "cluster_AmazonEKSServicePolicy",
      "provider": "provider.aws",
      "instances": [
        {
          "schema_version": 0,
          "attributes": {
            "id": "ukd-micro-prod-eks-iam-20190810105530475500000005",
            "policy_arn": "arn:aws:iam::aws:policy/AmazonEKSServicePolicy",
            "role": "ukd-micro-prod-eks-iam"
          },
          "private": "bnVsbA==",
          "depends_on": [
            "aws_iam_role.eks_iam"
          ]
        }
      ]
    },
    {
      "module": "module.worker-nodes",
      "mode": "managed",
      "type": "aws_iam_role_policy_attachment",
      "name": "worker_nodes_AmazonEC2ContainerRegistryReadOnly",
      "provider": "provider.aws",
      "instances": [
        {
          "schema_version": 0,
          "attributes": {
            "id": "ukd-micro-prod-ec2-iam-20190810105525831900000001",
            "policy_arn": "arn:aws:iam::aws:policy/AmazonEC2ContainerRegistryReadOnly",
            "role": "ukd-micro-prod-ec2-iam"
          },
          "private": "bnVsbA==",
          "depends_on": [
            "aws_iam_role.ec2_iam"
          ]
        }
      ]
    },
    {
      "module": "module.worker-nodes",
      "mode": "managed",
      "type": "aws_iam_role_policy_attachment",
      "name": "worker_nodes_AmazonEKSWorkerNodePolicy",
      "provider": "provider.aws",
      "instances": [
        {
          "schema_version": 0,
          "attributes": {
            "id": "ukd-micro-prod-ec2-iam-20190810105527679500000002",
            "policy_arn": "arn:aws:iam::aws:policy/AmazonEKSWorkerNodePolicy",
            "role": "ukd-micro-prod-ec2-iam"
          },
          "private": "bnVsbA==",
          "depends_on": [
            "aws_iam_role.ec2_iam"
          ]
        }
      ]
    },
    {
      "module": "module.worker-nodes",
      "mode": "managed",
      "type": "aws_iam_role_policy_attachment",
      "name": "worker_nodes_AmazonEKS_CNI_Policy",
      "provider": "provider.aws",
      "instances": [
        {
          "schema_version": 0,
          "attributes": {
            "id": "ukd-micro-prod-ec2-iam-20190810105530443500000003",
            "policy_arn": "arn:aws:iam::aws:policy/AmazonEKS_CNI_Policy",
            "role": "ukd-micro-prod-ec2-iam"
          },
          "private": "bnVsbA==",
          "depends_on": [
            "aws_iam_role.ec2_iam"
          ]
        }
      ]
    },
    {
      "module": "module.network",
      "mode": "managed",
      "type": "aws_internet_gateway",
      "name": "internet_gateway",
      "provider": "provider.aws",
      "instances": [
        {
          "schema_version": 0,
          "attributes": {
            "id": "igw-0cec194387ee70f86",
            "owner_id": "858939373355",
            "tags": {
              "KubernetesCluster": "ukd-micro-prod",
              "Name": "ukd-micro-prod",
              "kubernetes.io/cluster/ukd-micro-prod": "owned"
            },
            "vpc_id": "vpc-08cd2bb68f0320361"
          },
          "private": "bnVsbA==",
          "depends_on": [
            "aws_vpc.vpc"
          ]
        }
      ]
    },
    {
      "module": "module.worker-nodes",
      "mode": "managed",
      "type": "aws_launch_template",
      "name": "launch_template",
      "provider": "provider.aws",
      "instances": []
    },
    {
      "module": "module.network",
      "mode": "managed",
      "type": "aws_nat_gateway",
      "name": "nat",
      "provider": "provider.aws",
      "instances": [
        {
          "schema_version": 0,
          "attributes": {
            "allocation_id": "eipalloc-0df668a02ab63dc04",
            "id": "nat-0feeb4216af2a48c5",
            "network_interface_id": "eni-00111c7f74d846168",
            "private_ip": "10.0.5.96",
            "public_ip": "13.235.203.125",
            "subnet_id": "subnet-0669ca9884d7ffa9b",
            "tags": {
              "KubernetesCluster": "ukd-micro-prod",
              "Name": "nat-gw-ukd-micro-prod",
              "kubernetes.io/cluster/ukd-micro-prod": "owned"
            }
          },
          "private": "bnVsbA==",
          "depends_on": [
            "aws_eip.eip",
            "aws_internet_gateway.internet_gateway",
            "aws_subnet.public_subnet"
          ]
        }
      ]
    },
    {
      "module": "module.network",
      "mode": "managed",
      "type": "aws_route_table",
      "name": "private_route_table",
      "provider": "provider.aws",
      "instances": [
        {
          "schema_version": 0,
          "attributes": {
            "id": "rtb-0d9ab80371a7a5b76",
            "owner_id": "858939373355",
            "propagating_vgws": [],
            "route": [
              {
                "cidr_block": "0.0.0.0/0",
                "egress_only_gateway_id": "",
                "gateway_id": "",
                "instance_id": "",
                "ipv6_cidr_block": "",
                "nat_gateway_id": "nat-0feeb4216af2a48c5",
                "network_interface_id": "",
                "transit_gateway_id": "",
                "vpc_peering_connection_id": ""
              }
            ],
            "tags": {
              "KubernetesCluster": "ukd-micro-prod",
              "Name": "private-ukd-micro-prod-rtb",
              "kubernetes.io/cluster/ukd-micro-prod": "owned"
            },
            "vpc_id": "vpc-08cd2bb68f0320361"
          },
          "private": "bnVsbA==",
          "depends_on": [
            "aws_nat_gateway.nat",
            "aws_vpc.vpc"
          ]
        }
      ]
    },
    {
      "module": "module.network",
      "mode": "managed",
      "type": "aws_route_table",
      "name": "public_route_table",
      "provider": "provider.aws",
      "instances": [
        {
          "schema_version": 0,
          "attributes": {
            "id": "rtb-093b56046535bd58f",
            "owner_id": "858939373355",
            "propagating_vgws": [],
            "route": [
              {
                "cidr_block": "0.0.0.0/0",
                "egress_only_gateway_id": "",
                "gateway_id": "igw-0cec194387ee70f86",
                "instance_id": "",
                "ipv6_cidr_block": "",
                "nat_gateway_id": "",
                "network_interface_id": "",
                "transit_gateway_id": "",
                "vpc_peering_connection_id": ""
              }
            ],
            "tags": {
              "KubernetesCluster": "ukd-micro-prod",
              "Name": "public-ukd-micro-prod-rtb",
              "kubernetes.io/cluster/ukd-micro-prod": "owned"
            },
            "vpc_id": "vpc-08cd2bb68f0320361"
          },
          "private": "bnVsbA==",
          "depends_on": [
            "aws_internet_gateway.internet_gateway",
            "aws_vpc.vpc"
          ]
        }
      ]
    },
    {
      "module": "module.network",
      "mode": "managed",
      "type": "aws_route_table_association",
      "name": "private",
      "each": "list",
      "provider": "provider.aws",
      "instances": [
        {
          "index_key": 0,
          "schema_version": 0,
          "attributes": {
            "id": "rtbassoc-0bd620cf78964077b",
            "route_table_id": "rtb-0d9ab80371a7a5b76",
            "subnet_id": "subnet-0632f1a6f3acb8ed2"
          },
          "private": "bnVsbA==",
          "depends_on": [
            "aws_route_table.private_route_table",
            "aws_subnet.private_subnet"
          ]
        },
        {
          "index_key": 1,
          "schema_version": 0,
          "attributes": {
            "id": "rtbassoc-0901cbb4de370ceae",
            "route_table_id": "rtb-0d9ab80371a7a5b76",
            "subnet_id": "subnet-0bdd248da7d4d75c8"
          },
          "private": "bnVsbA==",
          "depends_on": [
            "aws_route_table.private_route_table",
            "aws_subnet.private_subnet"
          ]
        },
        {
          "index_key": 2,
          "schema_version": 0,
          "attributes": {
            "id": "rtbassoc-00f5146668706c03f",
            "route_table_id": "rtb-0d9ab80371a7a5b76",
            "subnet_id": "subnet-0cba4f878bb1d98be"
          },
          "private": "bnVsbA==",
          "depends_on": [
            "aws_route_table.private_route_table",
            "aws_subnet.private_subnet"
          ]
        }
      ]
    },
    {
      "module": "module.network",
      "mode": "managed",
      "type": "aws_route_table_association",
      "name": "public",
      "each": "list",
      "provider": "provider.aws",
      "instances": [
        {
          "index_key": 0,
          "schema_version": 0,
          "attributes": {
            "id": "rtbassoc-07e649d24a7c89a44",
            "route_table_id": "rtb-093b56046535bd58f",
            "subnet_id": "subnet-0669ca9884d7ffa9b"
          },
          "private": "bnVsbA==",
          "depends_on": [
            "aws_route_table.public_route_table",
            "aws_subnet.public_subnet"
          ]
        },
        {
          "index_key": 1,
          "schema_version": 0,
          "attributes": {
            "id": "rtbassoc-09e751c544b1eca32",
            "route_table_id": "rtb-093b56046535bd58f",
            "subnet_id": "subnet-04fa3ec5b0e4bdfb3"
          },
          "private": "bnVsbA==",
          "depends_on": [
            "aws_route_table.public_route_table",
            "aws_subnet.public_subnet"
          ]
        },
        {
          "index_key": 2,
          "schema_version": 0,
          "attributes": {
            "id": "rtbassoc-0d3ec71ae09d83a25",
            "route_table_id": "rtb-093b56046535bd58f",
            "subnet_id": "subnet-056c2be1475870a17"
          },
          "private": "bnVsbA==",
          "depends_on": [
            "aws_route_table.public_route_table",
            "aws_subnet.public_subnet"
          ]
        }
      ]
    },
    {
      "module": "module.network",
      "mode": "managed",
      "type": "aws_security_group",
      "name": "master_nodes_sg",
      "provider": "provider.aws",
      "instances": [
        {
          "schema_version": 1,
          "attributes": {
            "arn": "arn:aws:ec2:ap-south-1:858939373355:security-group/sg-04baccab2f8ef9a81",
            "description": "Master nodes security group",
            "egress": [],
            "id": "sg-04baccab2f8ef9a81",
            "ingress": [],
            "name": "masters-ukd-micro-prod",
            "name_prefix": null,
            "owner_id": "858939373355",
            "revoke_rules_on_delete": false,
            "tags": {
              "KubernetesCluster": "ukd-micro-prod",
              "Name": "masters-ukd-micro-prod",
              "kubernetes.io/cluster/ukd-micro-prod": "owned"
            },
            "timeouts": null,
            "vpc_id": "vpc-08cd2bb68f0320361"
          },
          "private": "eyJlMmJmYjczMC1lY2FhLTExZTYtOGY4OC0zNDM2M2JjN2M0YzAiOnsiY3JlYXRlIjo2MDAwMDAwMDAwMDAsImRlbGV0ZSI6NjAwMDAwMDAwMDAwfSwic2NoZW1hX3ZlcnNpb24iOiIxIn0=",
          "depends_on": [
            "aws_vpc.vpc"
          ]
        }
      ]
    },
    {
      "module": "module.network",
      "mode": "managed",
      "type": "aws_security_group",
      "name": "worker_nodes_sg",
      "provider": "provider.aws",
      "instances": [
        {
          "schema_version": 1,
          "attributes": {
            "arn": "arn:aws:ec2:ap-south-1:858939373355:security-group/sg-04252245c7ad94ca5",
            "description": "Security group for all worker nodes in the cluster",
            "egress": [
              {
                "cidr_blocks": [
                  "0.0.0.0/0"
                ],
                "description": "",
                "from_port": 0,
                "ipv6_cidr_blocks": [],
                "prefix_list_ids": [],
                "protocol": "-1",
                "security_groups": [],
                "self": false,
                "to_port": 0
              }
            ],
            "id": "sg-04252245c7ad94ca5",
            "ingress": [],
            "name": "nodes-ukd-micro-prod",
            "name_prefix": null,
            "owner_id": "858939373355",
            "revoke_rules_on_delete": false,
            "tags": {
              "KubernetesCluster": "ukd-micro-prod",
              "Name": "nodes-ukd-micro-prod",
              "kubernetes.io/cluster/ukd-micro-prod": "owned"
            },
            "timeouts": null,
            "vpc_id": "vpc-08cd2bb68f0320361"
          },
          "private": "eyJlMmJmYjczMC1lY2FhLTExZTYtOGY4OC0zNDM2M2JjN2M0YzAiOnsiY3JlYXRlIjo2MDAwMDAwMDAwMDAsImRlbGV0ZSI6NjAwMDAwMDAwMDAwfSwic2NoZW1hX3ZlcnNpb24iOiIxIn0=",
          "depends_on": [
            "aws_vpc.vpc"
          ]
        }
      ]
    },
    {
      "module": "module.network",
      "mode": "managed",
      "type": "aws_security_group_rule",
      "name": "master_nodes_egress_workers",
      "provider": "provider.aws",
      "instances": [
        {
          "schema_version": 2,
          "attributes": {
            "cidr_blocks": null,
            "description": "Allow outbound traffic to worker nodes",
            "from_port": 10250,
            "id": "sgrule-3950761997",
            "ipv6_cidr_blocks": null,
            "prefix_list_ids": null,
            "protocol": "tcp",
            "security_group_id": "sg-04baccab2f8ef9a81",
            "self": false,
            "source_security_group_id": "sg-04252245c7ad94ca5",
            "to_port": 65535,
            "type": "egress"
          },
          "private": "eyJzY2hlbWFfdmVyc2lvbiI6IjIifQ==",
          "depends_on": [
            "aws_security_group.master_nodes_sg",
            "aws_security_group.worker_nodes_sg"
          ]
        }
      ]
    },
    {
      "module": "module.network",
      "mode": "managed",
      "type": "aws_security_group_rule",
      "name": "master_nodes_ingress_workers",
      "provider": "provider.aws",
      "instances": [
        {
          "schema_version": 2,
          "attributes": {
            "cidr_blocks": null,
            "description": "Allow worker nodes to communicate with cluster API server",
            "from_port": 443,
            "id": "sgrule-1605026038",
            "ipv6_cidr_blocks": null,
            "prefix_list_ids": null,
            "protocol": "tcp",
            "security_group_id": "sg-04baccab2f8ef9a81",
            "self": false,
            "source_security_group_id": "sg-04252245c7ad94ca5",
            "to_port": 443,
            "type": "ingress"
          },
          "private": "eyJzY2hlbWFfdmVyc2lvbiI6IjIifQ==",
          "depends_on": [
            "aws_security_group.master_nodes_sg",
            "aws_security_group.worker_nodes_sg"
          ]
        }
      ]
    },
    {
      "module": "module.network",
      "mode": "managed",
      "type": "aws_security_group_rule",
      "name": "worker_nodes_ingress_cluster",
      "provider": "provider.aws",
      "instances": [
        {
          "schema_version": 2,
          "attributes": {
            "cidr_blocks": null,
            "description": "Allow worker Kubelets and pods to receive communication from the cluster control plane",
            "from_port": 1025,
            "id": "sgrule-818831211",
            "ipv6_cidr_blocks": null,
            "prefix_list_ids": null,
            "protocol": "tcp",
            "security_group_id": "sg-04252245c7ad94ca5",
            "self": false,
            "source_security_group_id": "sg-04baccab2f8ef9a81",
            "to_port": 65535,
            "type": "ingress"
          },
          "private": "eyJzY2hlbWFfdmVyc2lvbiI6IjIifQ==",
          "depends_on": [
            "aws_security_group.master_nodes_sg",
            "aws_security_group.worker_nodes_sg"
          ]
        }
      ]
    },
    {
      "module": "module.network",
      "mode": "managed",
      "type": "aws_security_group_rule",
      "name": "worker_nodes_ingress_self",
      "provider": "provider.aws",
      "instances": [
        {
          "schema_version": 2,
          "attributes": {
            "cidr_blocks": null,
            "description": "Allow node to communicate with each other",
            "from_port": 0,
            "id": "sgrule-2487092860",
            "ipv6_cidr_blocks": null,
            "prefix_list_ids": null,
            "protocol": "-1",
            "security_group_id": "sg-04252245c7ad94ca5",
            "self": false,
            "source_security_group_id": "sg-04252245c7ad94ca5",
            "to_port": 65535,
            "type": "ingress"
          },
          "private": "eyJzY2hlbWFfdmVyc2lvbiI6IjIifQ==",
          "depends_on": [
            "aws_security_group.worker_nodes_sg"
          ]
        }
      ]
    },
    {
      "module": "module.network",
      "mode": "managed",
      "type": "aws_subnet",
      "name": "private_subnet",
      "each": "list",
      "provider": "provider.aws",
      "instances": [
        {
          "index_key": 0,
          "schema_version": 1,
          "attributes": {
            "arn": "arn:aws:ec2:ap-south-1:858939373355:subnet/subnet-0632f1a6f3acb8ed2",
            "assign_ipv6_address_on_creation": false,
            "availability_zone": "ap-south-1a",
            "availability_zone_id": "aps1-az1",
            "cidr_block": "10.0.64.0/19",
            "id": "subnet-0632f1a6f3acb8ed2",
            "ipv6_cidr_block": "",
            "ipv6_cidr_block_association_id": "",
            "map_public_ip_on_launch": false,
            "owner_id": "858939373355",
            "tags": {
              "KubernetesCluster": "ukd-micro-prod",
              "Name": "ap-south-1a-ukd-micro-prod",
              "SubnetType": "Private",
              "kubernetes.io/cluster/ukd-micro-prod": "owned",
              "kubernetes.io/role/internal-elb": "1"
            },
            "timeouts": null,
            "vpc_id": "vpc-08cd2bb68f0320361"
          },
          "private": "eyJlMmJmYjczMC1lY2FhLTExZTYtOGY4OC0zNDM2M2JjN2M0YzAiOnsiY3JlYXRlIjo2MDAwMDAwMDAwMDAsImRlbGV0ZSI6MTIwMDAwMDAwMDAwMH0sInNjaGVtYV92ZXJzaW9uIjoiMSJ9",
          "depends_on": [
            "aws_vpc.vpc"
          ]
        },
        {
          "index_key": 1,
          "schema_version": 1,
          "attributes": {
            "arn": "arn:aws:ec2:ap-south-1:858939373355:subnet/subnet-0bdd248da7d4d75c8",
            "assign_ipv6_address_on_creation": false,
            "availability_zone": "ap-south-1b",
            "availability_zone_id": "aps1-az3",
            "cidr_block": "10.0.96.0/19",
            "id": "subnet-0bdd248da7d4d75c8",
            "ipv6_cidr_block": "",
            "ipv6_cidr_block_association_id": "",
            "map_public_ip_on_launch": false,
            "owner_id": "858939373355",
            "tags": {
              "KubernetesCluster": "ukd-micro-prod",
              "Name": "ap-south-1b-ukd-micro-prod",
              "SubnetType": "Private",
              "kubernetes.io/cluster/ukd-micro-prod": "owned",
              "kubernetes.io/role/internal-elb": "1"
            },
            "timeouts": null,
            "vpc_id": "vpc-08cd2bb68f0320361"
          },
          "private": "eyJlMmJmYjczMC1lY2FhLTExZTYtOGY4OC0zNDM2M2JjN2M0YzAiOnsiY3JlYXRlIjo2MDAwMDAwMDAwMDAsImRlbGV0ZSI6MTIwMDAwMDAwMDAwMH0sInNjaGVtYV92ZXJzaW9uIjoiMSJ9",
          "depends_on": [
            "aws_vpc.vpc"
          ]
        },
        {
          "index_key": 2,
          "schema_version": 1,
          "attributes": {
            "arn": "arn:aws:ec2:ap-south-1:858939373355:subnet/subnet-0cba4f878bb1d98be",
            "assign_ipv6_address_on_creation": false,
            "availability_zone": "ap-south-1c",
            "availability_zone_id": "aps1-az2",
            "cidr_block": "10.0.128.0/19",
            "id": "subnet-0cba4f878bb1d98be",
            "ipv6_cidr_block": "",
            "ipv6_cidr_block_association_id": "",
            "map_public_ip_on_launch": false,
            "owner_id": "858939373355",
            "tags": {
              "KubernetesCluster": "ukd-micro-prod",
              "Name": "ap-south-1c-ukd-micro-prod",
              "SubnetType": "Private",
              "kubernetes.io/cluster/ukd-micro-prod": "owned",
              "kubernetes.io/role/internal-elb": "1"
            },
            "timeouts": null,
            "vpc_id": "vpc-08cd2bb68f0320361"
          },
          "private": "eyJlMmJmYjczMC1lY2FhLTExZTYtOGY4OC0zNDM2M2JjN2M0YzAiOnsiY3JlYXRlIjo2MDAwMDAwMDAwMDAsImRlbGV0ZSI6MTIwMDAwMDAwMDAwMH0sInNjaGVtYV92ZXJzaW9uIjoiMSJ9",
          "depends_on": [
            "aws_vpc.vpc"
          ]
        }
      ]
    },
    {
      "module": "module.network",
      "mode": "managed",
      "type": "aws_subnet",
      "name": "public_subnet",
      "each": "list",
      "provider": "provider.aws",
      "instances": [
        {
          "index_key": 0,
          "schema_version": 1,
          "attributes": {
            "arn": "arn:aws:ec2:ap-south-1:858939373355:subnet/subnet-0669ca9884d7ffa9b",
            "assign_ipv6_address_on_creation": false,
            "availability_zone": "ap-south-1a",
            "availability_zone_id": "aps1-az1",
            "cidr_block": "10.0.0.0/21",
            "id": "subnet-0669ca9884d7ffa9b",
            "ipv6_cidr_block": "",
            "ipv6_cidr_block_association_id": "",
            "map_public_ip_on_launch": false,
            "owner_id": "858939373355",
            "tags": {
              "KubernetesCluster": "ukd-micro-prod",
              "Name": "utility-ap-south-1a-ukd-micro-prod",
              "SubnetType": "Utility",
              "kubernetes.io/cluster/ukd-micro-prod": "owned",
              "kubernetes.io/role/elb": "1"
            },
            "timeouts": null,
            "vpc_id": "vpc-08cd2bb68f0320361"
          },
          "private": "eyJlMmJmYjczMC1lY2FhLTExZTYtOGY4OC0zNDM2M2JjN2M0YzAiOnsiY3JlYXRlIjo2MDAwMDAwMDAwMDAsImRlbGV0ZSI6MTIwMDAwMDAwMDAwMH0sInNjaGVtYV92ZXJzaW9uIjoiMSJ9",
          "depends_on": [
            "aws_vpc.vpc"
          ]
        },
        {
          "index_key": 1,
          "schema_version": 1,
          "attributes": {
            "arn": "arn:aws:ec2:ap-south-1:858939373355:subnet/subnet-04fa3ec5b0e4bdfb3",
            "assign_ipv6_address_on_creation": false,
            "availability_zone": "ap-south-1b",
            "availability_zone_id": "aps1-az3",
            "cidr_block": "10.0.8.0/21",
            "id": "subnet-04fa3ec5b0e4bdfb3",
            "ipv6_cidr_block": "",
            "ipv6_cidr_block_association_id": "",
            "map_public_ip_on_launch": false,
            "owner_id": "858939373355",
            "tags": {
              "KubernetesCluster": "ukd-micro-prod",
              "Name": "utility-ap-south-1b-ukd-micro-prod",
              "SubnetType": "Utility",
              "kubernetes.io/cluster/ukd-micro-prod": "owned",
              "kubernetes.io/role/elb": "1"
            },
            "timeouts": null,
            "vpc_id": "vpc-08cd2bb68f0320361"
          },
          "private": "eyJlMmJmYjczMC1lY2FhLTExZTYtOGY4OC0zNDM2M2JjN2M0YzAiOnsiY3JlYXRlIjo2MDAwMDAwMDAwMDAsImRlbGV0ZSI6MTIwMDAwMDAwMDAwMH0sInNjaGVtYV92ZXJzaW9uIjoiMSJ9",
          "depends_on": [
            "aws_vpc.vpc"
          ]
        },
        {
          "index_key": 2,
          "schema_version": 1,
          "attributes": {
            "arn": "arn:aws:ec2:ap-south-1:858939373355:subnet/subnet-056c2be1475870a17",
            "assign_ipv6_address_on_creation": false,
            "availability_zone": "ap-south-1c",
            "availability_zone_id": "aps1-az2",
            "cidr_block": "10.0.16.0/21",
            "id": "subnet-056c2be1475870a17",
            "ipv6_cidr_block": "",
            "ipv6_cidr_block_association_id": "",
            "map_public_ip_on_launch": false,
            "owner_id": "858939373355",
            "tags": {
              "KubernetesCluster": "ukd-micro-prod",
              "Name": "utility-ap-south-1c-ukd-micro-prod",
              "SubnetType": "Utility",
              "kubernetes.io/cluster/ukd-micro-prod": "owned",
              "kubernetes.io/role/elb": "1"
            },
            "timeouts": null,
            "vpc_id": "vpc-08cd2bb68f0320361"
          },
          "private": "eyJlMmJmYjczMC1lY2FhLTExZTYtOGY4OC0zNDM2M2JjN2M0YzAiOnsiY3JlYXRlIjo2MDAwMDAwMDAwMDAsImRlbGV0ZSI6MTIwMDAwMDAwMDAwMH0sInNjaGVtYV92ZXJzaW9uIjoiMSJ9",
          "depends_on": [
            "aws_vpc.vpc"
          ]
        }
      ]
    },
    {
      "module": "module.network",
      "mode": "managed",
      "type": "aws_vpc",
      "name": "vpc",
      "provider": "provider.aws",
      "instances": [
        {
          "schema_version": 1,
          "attributes": {
            "arn": "arn:aws:ec2:ap-south-1:858939373355:vpc/vpc-08cd2bb68f0320361",
            "assign_generated_ipv6_cidr_block": false,
            "cidr_block": "10.0.0.0/16",
            "default_network_acl_id": "acl-01ccb58e49d52b438",
            "default_route_table_id": "rtb-03c5cde5fda8a1d78",
            "default_security_group_id": "sg-00e59d9a81279ec87",
            "dhcp_options_id": "dopt-d1e9f1b9",
            "enable_classiclink": null,
            "enable_classiclink_dns_support": null,
            "enable_dns_hostnames": true,
            "enable_dns_support": true,
            "id": "vpc-08cd2bb68f0320361",
            "instance_tenancy": "default",
            "ipv6_association_id": "",
            "ipv6_cidr_block": "",
            "main_route_table_id": "rtb-03c5cde5fda8a1d78",
            "owner_id": "858939373355",
            "tags": {
              "Name": "ukd-micro-prod",
              "kubernetes.io/cluster/ukd-micro-prod": "shared"
            }
          },
          "private": "eyJzY2hlbWFfdmVyc2lvbiI6IjEifQ=="
        }
      ]
    }
  ]
}
