dependencies:
- name: kube-state-metrics
  repository: file://../kube-state-metrics
  version: 2.8.11
- name: prometheus-blackbox-exporter
  repository: file://../prometheus-blackbox-exporter
  version: 8.2.0
digest: sha256:8d0dc085579a66d92703e131f47087b4b2f433d477aa2373caa9aa35ad231ccf
generated: "2023-10-05T13:12:32.403372741+05:30"
