dependencies:
- name: kube-state-metrics
  repository: file://../kube-state-metrics
  version: 2.8.11
- name: prometheus-blackbox-exporter
  repository: file://../prometheus-blackbox-exporter
  version: 8.2.0
- name: prometheus-postgres-exporter
  repository: file://../prometheus-postgres-exporter
  version: 1.3.1
digest: sha256:aac20050d01c557d8d87c10d7fa9ac9e952b36e48fe0185db81a45c8d215472d
generated: "2023-08-25T14:02:00.676796713+05:30"
