{
  "version": 4,
  "terraform_version": "0.12.0",
  "serial": 211,
  "lineage": "1be911ae-e9be-9ea7-aa14-7b5d29bb2b22",
  "outputs": {
    "config_map_aws_auth": {
      "value": "\r\n\r\napiVersion: v1\r\nkind: ConfigMap\r\nmetadata:\r\n  name: aws-auth\r\n  namespace: kube-system\r\ndata:\r\n  mapRoles: |\r\n    - rolearn: arn:aws:iam::880678429748:role/pb-micro-uat-ec2-iam\r\n      username: system:node:{{EC2PrivateDNSName}}\r\n      groups:\r\n        - system:bootstrappers\r\n        - system:nodes\r\n",
      "type": "string"
    },
    "eks_cluster": {
      "value": {
        "arn": "arn:aws:eks:ap-south-1:880678429748:cluster/pb-micro-uat",
        "certificate_authority": [
          {
            "data": "LS0tLS1CRUdJTiBDRVJUSUZJQ0FURS0tLS0tCk1JSUN5RENDQWJDZ0F3SUJBZ0lCQURBTkJna3Foa2lHOXcwQkFRc0ZBREFWTVJNd0VRWURWUVFERXdwcmRXSmwKY201bGRHVnpNQjRYRFRFNU1EWXdNakUzTXpjek9Wb1hEVEk1TURVek1ERTNNemN6T1Zvd0ZURVRNQkVHQTFVRQpBeE1LYTNWaVpYSnVaWFJsY3pDQ0FTSXdEUVlKS29aSWh2Y05BUUVCQlFBRGdnRVBBRENDQVFvQ2dnRUJBTVUxCmxDKzNiRFZiYmlsb24yL3JjNkxWY2dKWmNpNmpJQURnTEVYR1BuaFpqOXhNTEtiMVBUditnd1FWRlIrQlRTQ2oKQzRvUnBpY2doVkhtdUxTUitWY1hBVTlWRG5GVzdXaDcxVFNqM0RwNis2Wm9ieHMrUnRROVNSbkZIZjc5cGNPeApFeEpQNFJCek5LSm02VDRMSkYwb0duQmFZWU9WYXR2TU1iNnZIVk9MNWdIZGxPY3RUZTJMRmJuMENVTUxtdFlHCi9BR3VIUmxJalAzbWFEOFRNc0h5VzgvUzZyNWVhekc5MFZFTnM1SVNNSVhvT01ZUjFhRjhqc0l2eVZTQmV0TGMKeHRObHZsNEd2WjJvWFFsZ0xnaDI3VEtKQ2ZjR1gvb202S0Vuelgzd3U5OXdnMUJhUG9UZGNtN3ZXNWpKdVovTQpUL2RpUG1yVENwSVlXRE5yWkxjQ0F3RUFBYU1qTUNFd0RnWURWUjBQQVFIL0JBUURBZ0trTUE4R0ExVWRFd0VCCi93UUZNQU1CQWY4d0RRWUpLb1pJaHZjTkFRRUxCUUFEZ2dFQkFJR2krRkJhTmNNczZiZ3hXM3VzemxJY1hmRXcKSkVzQXdSckMvVGxkM1hTaWxSaFAvYmQ1OWc0ZTlnZGI5andxYlFNMitMekdCV0FZdzlYVjlXWS9zaVVBZXJXTgptdTV3VExxUk40TmRBMG1pQ0FFTzVkYVB1VWs1TUIweEFSNU5EdjBONHE1MjlleGJpNG5NZWRpUXhaci9vdCtKCmlTcnZneHhMb3NaWUd1RDN5QUpMc3dmaFJoSU1XTEYrRUpqLzM5WjMxeDA0N2JuZ1ZoeWVTTGpwK0hCenJaSEoKUjd5WlQvOGZWcjVLaWdLeUJSRnlZTDlOR01neWhXa3l2YmNtdGtVQ0pTMzlVTWI0WFlPSWFiQldZbVpKY1l1NQo1QkY3YW9zRnhMM3ZKYngyYURkUVFNU213ZElRV2tCTE9kSjhoVTRGb3VXZDZ1cEdaYXdOdnBDWHVrbz0KLS0tLS1FTkQgQ0VSVElGSUNBVEUtLS0tLQo="
          }
        ],
        "created_at": "2019-06-02 17:31:15 +0000 UTC",
        "enabled_cluster_log_types": null,
        "endpoint": "https://C302AE616B04B842211A1A9362AA8C29.yl4.ap-south-1.eks.amazonaws.com",
        "id": "pb-micro-uat",
        "name": "pb-micro-uat",
        "platform_version": "eks.2",
        "role_arn": "arn:aws:iam::880678429748:role/pb-micro-uat-eks-iam",
        "timeouts": null,
        "version": "1.12",
        "vpc_config": [
          {
            "endpoint_private_access": false,
            "endpoint_public_access": true,
            "security_group_ids": [
              "sg-0a1533642a876ac80"
            ],
            "subnet_ids": [
              "subnet-090fa7f94d11e42b7",
              "subnet-0a1839f7ba0da9b49",
              "subnet-0c144b0ca3edfde37",
              "subnet-0d163942884d520c6",
              "subnet-0e235be902a0783eb",
              "subnet-0e9e422cc00582488"
            ],
            "vpc_id": "vpc-0deedaa42c8b8c2da"
          }
        ]
      },
      "type": [
        "object",
        {
          "arn": "string",
          "certificate_authority": [
            "list",
            [
              "object",
              {
                "data": "string"
              }
            ]
          ],
          "created_at": "string",
          "enabled_cluster_log_types": [
            "set",
            "string"
          ],
          "endpoint": "string",
          "id": "string",
          "name": "string",
          "platform_version": "string",
          "role_arn": "string",
          "timeouts": [
            "object",
            {
              "create": "string",
              "delete": "string",
              "update": "string"
            }
          ],
          "version": "string",
          "vpc_config": [
            "list",
            [
              "object",
              {
                "endpoint_private_access": "bool",
                "endpoint_public_access": "bool",
                "security_group_ids": [
                  "set",
                  "string"
                ],
                "subnet_ids": [
                  "set",
                  "string"
                ],
                "vpc_id": "string"
              }
            ]
          ]
        }
      ]
    },
    "kubeconfig": {
      "value": "\r\n\r\napiVersion: v1\r\nclusters:\r\n- cluster:\r\n    server: https://C302AE616B04B842211A1A9362AA8C29.yl4.ap-south-1.eks.amazonaws.com\r\n    certificate-authority-data: LS0tLS1CRUdJTiBDRVJUSUZJQ0FURS0tLS0tCk1JSUN5RENDQWJDZ0F3SUJBZ0lCQURBTkJna3Foa2lHOXcwQkFRc0ZBREFWTVJNd0VRWURWUVFERXdwcmRXSmwKY201bGRHVnpNQjRYRFRFNU1EWXdNakUzTXpjek9Wb1hEVEk1TURVek1ERTNNemN6T1Zvd0ZURVRNQkVHQTFVRQpBeE1LYTNWaVpYSnVaWFJsY3pDQ0FTSXdEUVlKS29aSWh2Y05BUUVCQlFBRGdnRVBBRENDQVFvQ2dnRUJBTVUxCmxDKzNiRFZiYmlsb24yL3JjNkxWY2dKWmNpNmpJQURnTEVYR1BuaFpqOXhNTEtiMVBUditnd1FWRlIrQlRTQ2oKQzRvUnBpY2doVkhtdUxTUitWY1hBVTlWRG5GVzdXaDcxVFNqM0RwNis2Wm9ieHMrUnRROVNSbkZIZjc5cGNPeApFeEpQNFJCek5LSm02VDRMSkYwb0duQmFZWU9WYXR2TU1iNnZIVk9MNWdIZGxPY3RUZTJMRmJuMENVTUxtdFlHCi9BR3VIUmxJalAzbWFEOFRNc0h5VzgvUzZyNWVhekc5MFZFTnM1SVNNSVhvT01ZUjFhRjhqc0l2eVZTQmV0TGMKeHRObHZsNEd2WjJvWFFsZ0xnaDI3VEtKQ2ZjR1gvb202S0Vuelgzd3U5OXdnMUJhUG9UZGNtN3ZXNWpKdVovTQpUL2RpUG1yVENwSVlXRE5yWkxjQ0F3RUFBYU1qTUNFd0RnWURWUjBQQVFIL0JBUURBZ0trTUE4R0ExVWRFd0VCCi93UUZNQU1CQWY4d0RRWUpLb1pJaHZjTkFRRUxCUUFEZ2dFQkFJR2krRkJhTmNNczZiZ3hXM3VzemxJY1hmRXcKSkVzQXdSckMvVGxkM1hTaWxSaFAvYmQ1OWc0ZTlnZGI5andxYlFNMitMekdCV0FZdzlYVjlXWS9zaVVBZXJXTgptdTV3VExxUk40TmRBMG1pQ0FFTzVkYVB1VWs1TUIweEFSNU5EdjBONHE1MjlleGJpNG5NZWRpUXhaci9vdCtKCmlTcnZneHhMb3NaWUd1RDN5QUpMc3dmaFJoSU1XTEYrRUpqLzM5WjMxeDA0N2JuZ1ZoeWVTTGpwK0hCenJaSEoKUjd5WlQvOGZWcjVLaWdLeUJSRnlZTDlOR01neWhXa3l2YmNtdGtVQ0pTMzlVTWI0WFlPSWFiQldZbVpKY1l1NQo1QkY3YW9zRnhMM3ZKYngyYURkUVFNU213ZElRV2tCTE9kSjhoVTRGb3VXZDZ1cEdaYXdOdnBDWHVrbz0KLS0tLS1FTkQgQ0VSVElGSUNBVEUtLS0tLQo=\r\n  name: kubernetes\r\ncontexts:\r\n- context:\r\n    cluster: kubernetes\r\n    user: aws\r\n  name: aws\r\ncurrent-context: aws\r\nkind: Config\r\npreferences: {}\r\nusers:\r\n- name: aws\r\n  user:\r\n    exec:\r\n      apiVersion: client.authentication.k8s.io/v1alpha1\r\n      command: aws-iam-authenticator\r\n      args:\r\n        - \"token\"\r\n        - \"-i\"\r\n        - \"pb-micro-uat\"\r\n",
      "type": "string"
    },
    "master_nodes_sg_id": {
      "value": "sg-0a1533642a876ac80",
      "type": "string"
    },
    "private_subnets": {
      "value": [
        "subnet-0a1839f7ba0da9b49",
        "subnet-0d163942884d520c6",
        "subnet-0e235be902a0783eb"
      ],
      "type": [
        "tuple",
        [
          "string",
          "string",
          "string"
        ]
      ]
    },
    "public_subnets": {
      "value": [
        "subnet-0c144b0ca3edfde37",
        "subnet-090fa7f94d11e42b7",
        "subnet-0e9e422cc00582488"
      ],
      "type": [
        "tuple",
        [
          "string",
          "string",
          "string"
        ]
      ]
    },
    "vpc_id": {
      "value": "vpc-0deedaa42c8b8c2da",
      "type": "string"
    },
    "worker_nodes_sg_id": {
      "value": "sg-0831131989c1b5e82",
      "type": "string"
    }
  },
  "resources": [
    {
      "module": "module.worker-nodes",
      "mode": "data",
      "type": "aws_ami",
      "name": "eks_worker",
      "provider": "provider.aws",
      "instances": [
        {
          "schema_version": 0,
          "attributes": {
            "architecture": "x86_64",
            "block_device_mappings": [
              {
                "device_name": "/dev/xvda",
                "ebs": {
                  "delete_on_termination": "true",
                  "encrypted": "false",
                  "iops": "0",
                  "snapshot_id": "snap-06a4f0d3b28c5b212",
                  "volume_size": "20",
                  "volume_type": "gp2"
                },
                "no_device": "",
                "virtual_name": ""
              }
            ],
            "creation_date": "2019-03-30T00:33:08.000Z",
            "description": "EKS Kubernetes Worker AMI with AmazonLinux2 image (k8s: 1.12.7/2019-03-27/bin/linux/amd64, docker:18.06)",
            "executable_users": null,
            "filter": [
              {
                "name": "name",
                "values": [
                  "amazon-eks-node-1.12-v*"
                ]
              }
            ],
            "hypervisor": "xen",
            "id": "ami-09c3eb35bb3be46a4",
            "image_id": "ami-09c3eb35bb3be46a4",
            "image_location": "amazon/amazon-eks-node-1.12-v20190329",
            "image_owner_alias": "amazon",
            "image_type": "machine",
            "kernel_id": null,
            "most_recent": true,
            "name": "amazon-eks-node-1.12-v20190329",
            "name_regex": null,
            "owner_id": "602401143452",
            "owners": [
              "602401143452"
            ],
            "platform": null,
            "product_codes": [],
            "public": true,
            "ramdisk_id": null,
            "root_device_name": "/dev/xvda",
            "root_device_type": "ebs",
            "root_snapshot_id": "snap-06a4f0d3b28c5b212",
            "sriov_net_support": "simple",
            "state": "available",
            "state_reason": {
              "code": "UNSET",
              "message": "UNSET"
            },
            "tags": {},
            "virtualization_type": "hvm"
          }
        }
      ]
    },
    {
      "mode": "data",
      "type": "aws_availability_zones",
      "name": "available",
      "provider": "provider.aws",
      "instances": [
        {
          "schema_version": 0,
          "attributes": {
            "blacklisted_names": null,
            "blacklisted_zone_ids": null,
            "id": "2019-06-02 17:30:52.4434543 +0000 UTC",
            "names": [
              "ap-south-1a",
              "ap-south-1b",
              "ap-south-1c"
            ],
            "state": null,
            "zone_ids": [
              "aps1-az1",
              "aps1-az3",
              "aps1-az2"
            ]
          }
        }
      ]
    },
    {
      "mode": "data",
      "type": "aws_region",
      "name": "current",
      "provider": "provider.aws",
      "instances": [
        {
          "schema_version": 0,
          "attributes": {
            "current": null,
            "description": "Asia Pacific (Mumbai)",
            "endpoint": "ec2.ap-south-1.amazonaws.com",
            "id": "ap-south-1",
            "name": "ap-south-1"
          }
        }
      ]
    },
    {
      "module": "module.worker-nodes",
      "mode": "data",
      "type": "template_file",
      "name": "user_data_hw",
      "provider": "provider.template",
      "instances": [
        {
          "schema_version": 0,
          "attributes": {
            "filename": null,
            "id": "feb0fede244178e72cac7d3e739bda46cba075913d9e76a4b463a21fa38bfbce",
            "rendered": "#!/bin/bash\r\nset -o xtrace\r\n/etc/eks/bootstrap.sh --apiserver-endpoint 'https://C302AE616B04B842211A1A9362AA8C29.yl4.ap-south-1.eks.amazonaws.com' --b64-cluster-ca 'LS0tLS1CRUdJTiBDRVJUSUZJQ0FURS0tLS0tCk1JSUN5RENDQWJDZ0F3SUJBZ0lCQURBTkJna3Foa2lHOXcwQkFRc0ZBREFWTVJNd0VRWURWUVFERXdwcmRXSmwKY201bGRHVnpNQjRYRFRFNU1EWXdNakUzTXpjek9Wb1hEVEk1TURVek1ERTNNemN6T1Zvd0ZURVRNQkVHQTFVRQpBeE1LYTNWaVpYSnVaWFJsY3pDQ0FTSXdEUVlKS29aSWh2Y05BUUVCQlFBRGdnRVBBRENDQVFvQ2dnRUJBTVUxCmxDKzNiRFZiYmlsb24yL3JjNkxWY2dKWmNpNmpJQURnTEVYR1BuaFpqOXhNTEtiMVBUditnd1FWRlIrQlRTQ2oKQzRvUnBpY2doVkhtdUxTUitWY1hBVTlWRG5GVzdXaDcxVFNqM0RwNis2Wm9ieHMrUnRROVNSbkZIZjc5cGNPeApFeEpQNFJCek5LSm02VDRMSkYwb0duQmFZWU9WYXR2TU1iNnZIVk9MNWdIZGxPY3RUZTJMRmJuMENVTUxtdFlHCi9BR3VIUmxJalAzbWFEOFRNc0h5VzgvUzZyNWVhekc5MFZFTnM1SVNNSVhvT01ZUjFhRjhqc0l2eVZTQmV0TGMKeHRObHZsNEd2WjJvWFFsZ0xnaDI3VEtKQ2ZjR1gvb202S0Vuelgzd3U5OXdnMUJhUG9UZGNtN3ZXNWpKdVovTQpUL2RpUG1yVENwSVlXRE5yWkxjQ0F3RUFBYU1qTUNFd0RnWURWUjBQQVFIL0JBUURBZ0trTUE4R0ExVWRFd0VCCi93UUZNQU1CQWY4d0RRWUpLb1pJaHZjTkFRRUxCUUFEZ2dFQkFJR2krRkJhTmNNczZiZ3hXM3VzemxJY1hmRXcKSkVzQXdSckMvVGxkM1hTaWxSaFAvYmQ1OWc0ZTlnZGI5andxYlFNMitMekdCV0FZdzlYVjlXWS9zaVVBZXJXTgptdTV3VExxUk40TmRBMG1pQ0FFTzVkYVB1VWs1TUIweEFSNU5EdjBONHE1MjlleGJpNG5NZWRpUXhaci9vdCtKCmlTcnZneHhMb3NaWUd1RDN5QUpMc3dmaFJoSU1XTEYrRUpqLzM5WjMxeDA0N2JuZ1ZoeWVTTGpwK0hCenJaSEoKUjd5WlQvOGZWcjVLaWdLeUJSRnlZTDlOR01neWhXa3l2YmNtdGtVQ0pTMzlVTWI0WFlPSWFiQldZbVpKY1l1NQo1QkY3YW9zRnhMM3ZKYngyYURkUVFNU213ZElRV2tCTE9kSjhoVTRGb3VXZDZ1cEdaYXdOdnBDWHVrbz0KLS0tLS1FTkQgQ0VSVElGSUNBVEUtLS0tLQo=' 'pb-micro-uat'\r\n",
            "template": "#!/bin/bash\r\nset -o xtrace\r\n/etc/eks/bootstrap.sh --apiserver-endpoint 'https://C302AE616B04B842211A1A9362AA8C29.yl4.ap-south-1.eks.amazonaws.com' --b64-cluster-ca 'LS0tLS1CRUdJTiBDRVJUSUZJQ0FURS0tLS0tCk1JSUN5RENDQWJDZ0F3SUJBZ0lCQURBTkJna3Foa2lHOXcwQkFRc0ZBREFWTVJNd0VRWURWUVFERXdwcmRXSmwKY201bGRHVnpNQjRYRFRFNU1EWXdNakUzTXpjek9Wb1hEVEk1TURVek1ERTNNemN6T1Zvd0ZURVRNQkVHQTFVRQpBeE1LYTNWaVpYSnVaWFJsY3pDQ0FTSXdEUVlKS29aSWh2Y05BUUVCQlFBRGdnRVBBRENDQVFvQ2dnRUJBTVUxCmxDKzNiRFZiYmlsb24yL3JjNkxWY2dKWmNpNmpJQURnTEVYR1BuaFpqOXhNTEtiMVBUditnd1FWRlIrQlRTQ2oKQzRvUnBpY2doVkhtdUxTUitWY1hBVTlWRG5GVzdXaDcxVFNqM0RwNis2Wm9ieHMrUnRROVNSbkZIZjc5cGNPeApFeEpQNFJCek5LSm02VDRMSkYwb0duQmFZWU9WYXR2TU1iNnZIVk9MNWdIZGxPY3RUZTJMRmJuMENVTUxtdFlHCi9BR3VIUmxJalAzbWFEOFRNc0h5VzgvUzZyNWVhekc5MFZFTnM1SVNNSVhvT01ZUjFhRjhqc0l2eVZTQmV0TGMKeHRObHZsNEd2WjJvWFFsZ0xnaDI3VEtKQ2ZjR1gvb202S0Vuelgzd3U5OXdnMUJhUG9UZGNtN3ZXNWpKdVovTQpUL2RpUG1yVENwSVlXRE5yWkxjQ0F3RUFBYU1qTUNFd0RnWURWUjBQQVFIL0JBUURBZ0trTUE4R0ExVWRFd0VCCi93UUZNQU1CQWY4d0RRWUpLb1pJaHZjTkFRRUxCUUFEZ2dFQkFJR2krRkJhTmNNczZiZ3hXM3VzemxJY1hmRXcKSkVzQXdSckMvVGxkM1hTaWxSaFAvYmQ1OWc0ZTlnZGI5andxYlFNMitMekdCV0FZdzlYVjlXWS9zaVVBZXJXTgptdTV3VExxUk40TmRBMG1pQ0FFTzVkYVB1VWs1TUIweEFSNU5EdjBONHE1MjlleGJpNG5NZWRpUXhaci9vdCtKCmlTcnZneHhMb3NaWUd1RDN5QUpMc3dmaFJoSU1XTEYrRUpqLzM5WjMxeDA0N2JuZ1ZoeWVTTGpwK0hCenJaSEoKUjd5WlQvOGZWcjVLaWdLeUJSRnlZTDlOR01neWhXa3l2YmNtdGtVQ0pTMzlVTWI0WFlPSWFiQldZbVpKY1l1NQo1QkY3YW9zRnhMM3ZKYngyYURkUVFNU213ZElRV2tCTE9kSjhoVTRGb3VXZDZ1cEdaYXdOdnBDWHVrbz0KLS0tLS1FTkQgQ0VSVElGSUNBVEUtLS0tLQo=' 'pb-micro-uat'\r\n",
            "vars": null
          }
        }
      ]
    },
    {
      "module": "module.worker-nodes",
      "mode": "managed",
      "type": "aws_autoscaling_group",
      "name": "asg",
      "provider": "provider.aws",
      "instances": [
        {
          "schema_version": 0,
          "attributes": {
            "arn": "arn:aws:autoscaling:ap-south-1:880678429748:autoScalingGroup:e8e490ef-bcc9-4ada-abe3-d430054c0293:autoScalingGroupName/asg-pb-micro-uat",
            "availability_zones": [
              "ap-south-1a",
              "ap-south-1b",
              "ap-south-1c"
            ],
            "default_cooldown": 300,
            "desired_capacity": 7,
            "enabled_metrics": null,
            "force_delete": false,
            "health_check_grace_period": 300,
            "health_check_type": "EC2",
            "id": "asg-pb-micro-uat",
            "initial_lifecycle_hook": [],
            "launch_configuration": "",
            "launch_template": [],
            "load_balancers": [],
            "max_size": 7,
            "metrics_granularity": "1Minute",
            "min_elb_capacity": null,
            "min_size": 7,
            "mixed_instances_policy": [
              {
                "instances_distribution": [
                  {
                    "on_demand_allocation_strategy": "prioritized",
                    "on_demand_base_capacity": 6,
                    "on_demand_percentage_above_base_capacity": 0,
                    "spot_allocation_strategy": "lowest-price",
                    "spot_instance_pools": 2,
                    "spot_max_price": ""
                  }
                ],
                "launch_template": [
                  {
                    "launch_template_specification": [
                      {
                        "launch_template_id": "lt-089dcf7e3d4e78707",
                        "launch_template_name": "template-pb-micro-uat",
                        "version": "$Latest"
                      }
                    ],
                    "override": [
                      {
                        "instance_type": "m5.xlarge"
                      },
                      {
                        "instance_type": "m4.xlarge"
                      }
                    ]
                  }
                ]
              }
            ],
            "name": "asg-pb-micro-uat",
            "name_prefix": null,
            "placement_group": "",
            "protect_from_scale_in": false,
            "service_linked_role_arn": "arn:aws:iam::880678429748:role/aws-service-role/autoscaling.amazonaws.com/AWSServiceRoleForAutoScaling",
            "suspended_processes": null,
            "tag": [
              {
                "key": "KubernetesCluster",
                "propagate_at_launch": true,
                "value": "pb-micro-uat"
              },
              {
                "key": "Name",
                "propagate_at_launch": true,
                "value": "nodes-pb-micro-uat"
              },
              {
                "key": "k8s.io/role/node",
                "propagate_at_launch": true,
                "value": "1"
              },
              {
                "key": "kubernetes.io/cluster/pb-micro-uat",
                "propagate_at_launch": true,
                "value": "owned"
              }
            ],
            "tags": null,
            "target_group_arns": [],
            "termination_policies": null,
            "timeouts": null,
            "vpc_zone_identifier": [
              "subnet-0a1839f7ba0da9b49",
              "subnet-0d163942884d520c6",
              "subnet-0e235be902a0783eb"
            ],
            "wait_for_capacity_timeout": "10m",
            "wait_for_elb_capacity": null
          },
          "depends_on": [
            "aws_launch_template.launch_template"
          ]
        }
      ]
    },
    {
      "module": "module.network",
      "mode": "managed",
      "type": "aws_eip",
      "name": "eip",
      "provider": "provider.aws",
      "instances": [
        {
          "schema_version": 0,
          "attributes": {
            "allocation_id": null,
            "associate_with_private_ip": null,
            "association_id": "",
            "domain": "vpc",
            "id": "eipalloc-060678a38c5812998",
            "instance": "",
            "network_interface": "",
            "private_dns": null,
            "private_ip": "",
            "public_dns": "ec2-13-235-38-122.ap-south-1.compute.amazonaws.com",
            "public_ip": "13.235.38.122",
            "public_ipv4_pool": "amazon",
            "tags": {
              "KubernetesCluster": "pb-micro-uat",
              "Name": "eip-pb-micro-uat",
              "kubernetes.io/cluster/pb-micro-uat": "owned"
            },
            "timeouts": null,
            "vpc": true
          },
          "depends_on": [
            "aws_internet_gateway.internet_gateway"
          ]
        }
      ]
    },
    {
      "module": "module.eks-cluster",
      "mode": "managed",
      "type": "aws_eks_cluster",
      "name": "eks_cluster",
      "provider": "provider.aws",
      "instances": [
        {
          "schema_version": 0,
          "attributes": {
            "arn": "arn:aws:eks:ap-south-1:880678429748:cluster/pb-micro-uat",
            "certificate_authority": [
              {
                "data": "LS0tLS1CRUdJTiBDRVJUSUZJQ0FURS0tLS0tCk1JSUN5RENDQWJDZ0F3SUJBZ0lCQURBTkJna3Foa2lHOXcwQkFRc0ZBREFWTVJNd0VRWURWUVFERXdwcmRXSmwKY201bGRHVnpNQjRYRFRFNU1EWXdNakUzTXpjek9Wb1hEVEk1TURVek1ERTNNemN6T1Zvd0ZURVRNQkVHQTFVRQpBeE1LYTNWaVpYSnVaWFJsY3pDQ0FTSXdEUVlKS29aSWh2Y05BUUVCQlFBRGdnRVBBRENDQVFvQ2dnRUJBTVUxCmxDKzNiRFZiYmlsb24yL3JjNkxWY2dKWmNpNmpJQURnTEVYR1BuaFpqOXhNTEtiMVBUditnd1FWRlIrQlRTQ2oKQzRvUnBpY2doVkhtdUxTUitWY1hBVTlWRG5GVzdXaDcxVFNqM0RwNis2Wm9ieHMrUnRROVNSbkZIZjc5cGNPeApFeEpQNFJCek5LSm02VDRMSkYwb0duQmFZWU9WYXR2TU1iNnZIVk9MNWdIZGxPY3RUZTJMRmJuMENVTUxtdFlHCi9BR3VIUmxJalAzbWFEOFRNc0h5VzgvUzZyNWVhekc5MFZFTnM1SVNNSVhvT01ZUjFhRjhqc0l2eVZTQmV0TGMKeHRObHZsNEd2WjJvWFFsZ0xnaDI3VEtKQ2ZjR1gvb202S0Vuelgzd3U5OXdnMUJhUG9UZGNtN3ZXNWpKdVovTQpUL2RpUG1yVENwSVlXRE5yWkxjQ0F3RUFBYU1qTUNFd0RnWURWUjBQQVFIL0JBUURBZ0trTUE4R0ExVWRFd0VCCi93UUZNQU1CQWY4d0RRWUpLb1pJaHZjTkFRRUxCUUFEZ2dFQkFJR2krRkJhTmNNczZiZ3hXM3VzemxJY1hmRXcKSkVzQXdSckMvVGxkM1hTaWxSaFAvYmQ1OWc0ZTlnZGI5andxYlFNMitMekdCV0FZdzlYVjlXWS9zaVVBZXJXTgptdTV3VExxUk40TmRBMG1pQ0FFTzVkYVB1VWs1TUIweEFSNU5EdjBONHE1MjlleGJpNG5NZWRpUXhaci9vdCtKCmlTcnZneHhMb3NaWUd1RDN5QUpMc3dmaFJoSU1XTEYrRUpqLzM5WjMxeDA0N2JuZ1ZoeWVTTGpwK0hCenJaSEoKUjd5WlQvOGZWcjVLaWdLeUJSRnlZTDlOR01neWhXa3l2YmNtdGtVQ0pTMzlVTWI0WFlPSWFiQldZbVpKY1l1NQo1QkY3YW9zRnhMM3ZKYngyYURkUVFNU213ZElRV2tCTE9kSjhoVTRGb3VXZDZ1cEdaYXdOdnBDWHVrbz0KLS0tLS1FTkQgQ0VSVElGSUNBVEUtLS0tLQo="
              }
            ],
            "created_at": "2019-06-02 17:31:15 +0000 UTC",
            "enabled_cluster_log_types": null,
            "endpoint": "https://C302AE616B04B842211A1A9362AA8C29.yl4.ap-south-1.eks.amazonaws.com",
            "id": "pb-micro-uat",
            "name": "pb-micro-uat",
            "platform_version": "eks.2",
            "role_arn": "arn:aws:iam::880678429748:role/pb-micro-uat-eks-iam",
            "timeouts": null,
            "version": "1.12",
            "vpc_config": [
              {
                "endpoint_private_access": false,
                "endpoint_public_access": true,
                "security_group_ids": [
                  "sg-0a1533642a876ac80"
                ],
                "subnet_ids": [
                  "subnet-090fa7f94d11e42b7",
                  "subnet-0a1839f7ba0da9b49",
                  "subnet-0c144b0ca3edfde37",
                  "subnet-0d163942884d520c6",
                  "subnet-0e235be902a0783eb",
                  "subnet-0e9e422cc00582488"
                ],
                "vpc_id": "vpc-0deedaa42c8b8c2da"
              }
            ]
          },
          "depends_on": [
            "aws_iam_role.eks_iam",
            "aws_iam_role_policy_attachment.cluster_AmazonEKSClusterPolicy",
            "aws_iam_role_policy_attachment.cluster_AmazonEKSServicePolicy"
          ]
        }
      ]
    },
    {
      "module": "module.worker-nodes",
      "mode": "managed",
      "type": "aws_iam_instance_profile",
      "name": "worker_nodes",
      "provider": "provider.aws",
      "instances": [
        {
          "schema_version": 0,
          "attributes": {
            "arn": "arn:aws:iam::880678429748:instance-profile/pb-micro-uat",
            "create_date": "2019-06-02T17:31:03Z",
            "id": "pb-micro-uat",
            "name": "pb-micro-uat",
            "name_prefix": null,
            "path": "/",
            "role": "pb-micro-uat-ec2-iam",
            "roles": [],
            "unique_id": "AIPA42DEGMQ2M7QUXJZ6U"
          },
          "depends_on": [
            "aws_iam_role.ec2_iam"
          ]
        }
      ]
    },
    {
      "module": "module.worker-nodes",
      "mode": "managed",
      "type": "aws_iam_role",
      "name": "ec2_iam",
      "provider": "provider.aws",
      "instances": [
        {
          "schema_version": 0,
          "attributes": {
            "arn": "arn:aws:iam::880678429748:role/pb-micro-uat-ec2-iam",
            "assume_role_policy": "{\"Version\":\"2012-10-17\",\"Statement\":[{\"Effect\":\"Allow\",\"Principal\":{\"Service\":\"ec2.amazonaws.com\"},\"Action\":\"sts:AssumeRole\"}]}",
            "create_date": "2019-06-02T17:31:01Z",
            "description": "",
            "force_detach_policies": false,
            "id": "pb-micro-uat-ec2-iam",
            "max_session_duration": 3600,
            "name": "pb-micro-uat-ec2-iam",
            "name_prefix": null,
            "path": "/",
            "permissions_boundary": null,
            "tags": null,
            "unique_id": "AROA42DEGMQ2KVOC7LY6N"
          }
        }
      ]
    },
    {
      "module": "module.eks-cluster",
      "mode": "managed",
      "type": "aws_iam_role",
      "name": "eks_iam",
      "provider": "provider.aws",
      "instances": [
        {
          "schema_version": 0,
          "attributes": {
            "arn": "arn:aws:iam::880678429748:role/pb-micro-uat-eks-iam",
            "assume_role_policy": "{\"Version\":\"2012-10-17\",\"Statement\":[{\"Effect\":\"Allow\",\"Principal\":{\"Service\":\"eks.amazonaws.com\"},\"Action\":\"sts:AssumeRole\"}]}",
            "create_date": "2019-06-02T17:31:01Z",
            "description": "",
            "force_detach_policies": false,
            "id": "pb-micro-uat-eks-iam",
            "max_session_duration": 3600,
            "name": "pb-micro-uat-eks-iam",
            "name_prefix": null,
            "path": "/",
            "permissions_boundary": null,
            "tags": {
              "KubernetesCluster": "pb-micro-uat",
              "kubernetes.io/cluster/pb-micro-uat": "owned"
            },
            "unique_id": "AROA42DEGMQ2HKS4T3TPG"
          }
        }
      ]
    },
    {
      "module": "module.eks-cluster",
      "mode": "managed",
      "type": "aws_iam_role_policy_attachment",
      "name": "cluster_AmazonEKSClusterPolicy",
      "provider": "provider.aws",
      "instances": [
        {
          "schema_version": 0,
          "attributes": {
            "id": "pb-micro-uat-eks-iam-20190602173105143700000005",
            "policy_arn": "arn:aws:iam::aws:policy/AmazonEKSClusterPolicy",
            "role": "pb-micro-uat-eks-iam"
          },
          "depends_on": [
            "aws_iam_role.eks_iam"
          ]
        }
      ]
    },
    {
      "module": "module.eks-cluster",
      "mode": "managed",
      "type": "aws_iam_role_policy_attachment",
      "name": "cluster_AmazonEKSServicePolicy",
      "provider": "provider.aws",
      "instances": [
        {
          "schema_version": 0,
          "attributes": {
            "id": "pb-micro-uat-eks-iam-20190602173105123700000004",
            "policy_arn": "arn:aws:iam::aws:policy/AmazonEKSServicePolicy",
            "role": "pb-micro-uat-eks-iam"
          },
          "depends_on": [
            "aws_iam_role.eks_iam"
          ]
        }
      ]
    },
    {
      "module": "module.worker-nodes",
      "mode": "managed",
      "type": "aws_iam_role_policy_attachment",
      "name": "worker_nodes_AmazonEC2ContainerRegistryReadOnly",
      "provider": "provider.aws",
      "instances": [
        {
          "schema_version": 0,
          "attributes": {
            "id": "pb-micro-uat-ec2-iam-20190602173105014600000001",
            "policy_arn": "arn:aws:iam::aws:policy/AmazonEC2ContainerRegistryReadOnly",
            "role": "pb-micro-uat-ec2-iam"
          },
          "depends_on": [
            "aws_iam_role.ec2_iam"
          ]
        }
      ]
    },
    {
      "module": "module.worker-nodes",
      "mode": "managed",
      "type": "aws_iam_role_policy_attachment",
      "name": "worker_nodes_AmazonEKSWorkerNodePolicy",
      "provider": "provider.aws",
      "instances": [
        {
          "schema_version": 0,
          "attributes": {
            "id": "pb-micro-uat-ec2-iam-20190602173105028600000002",
            "policy_arn": "arn:aws:iam::aws:policy/AmazonEKSWorkerNodePolicy",
            "role": "pb-micro-uat-ec2-iam"
          },
          "depends_on": [
            "aws_iam_role.ec2_iam"
          ]
        }
      ]
    },
    {
      "module": "module.worker-nodes",
      "mode": "managed",
      "type": "aws_iam_role_policy_attachment",
      "name": "worker_nodes_AmazonEKS_CNI_Policy",
      "provider": "provider.aws",
      "instances": [
        {
          "schema_version": 0,
          "attributes": {
            "id": "pb-micro-uat-ec2-iam-20190602173105059600000003",
            "policy_arn": "arn:aws:iam::aws:policy/AmazonEKS_CNI_Policy",
            "role": "pb-micro-uat-ec2-iam"
          },
          "depends_on": [
            "aws_iam_role.ec2_iam"
          ]
        }
      ]
    },
    {
      "module": "module.network",
      "mode": "managed",
      "type": "aws_internet_gateway",
      "name": "internet_gateway",
      "provider": "provider.aws",
      "instances": [
        {
          "schema_version": 0,
          "attributes": {
            "id": "igw-01eaa2fe0d0f8042a",
            "owner_id": "880678429748",
            "tags": {
              "KubernetesCluster": "pb-micro-uat",
              "Name": "pb-micro-uat",
              "kubernetes.io/cluster/pb-micro-uat": "owned"
            },
            "vpc_id": "vpc-0deedaa42c8b8c2da"
          },
          "depends_on": [
            "aws_vpc.vpc"
          ]
        }
      ]
    },
    {
      "module": "module.worker-nodes",
      "mode": "managed",
      "type": "aws_launch_template",
      "name": "launch_template",
      "provider": "provider.aws",
      "instances": [
        {
          "schema_version": 0,
          "attributes": {
            "arn": "arn:aws:ec2:ap-south-1:880678429748:launch-template/lt-089dcf7e3d4e78707",
            "block_device_mappings": [],
            "capacity_reservation_specification": [],
            "credit_specification": [],
            "default_version": 1,
            "description": "",
            "disable_api_termination": false,
            "ebs_optimized": "true",
            "elastic_gpu_specifications": [],
            "elastic_inference_accelerator": [],
            "iam_instance_profile": [
              {
                "arn": "",
                "name": "pb-micro-uat"
              }
            ],
            "id": "lt-089dcf7e3d4e78707",
            "image_id": "ami-09c3eb35bb3be46a4",
            "instance_initiated_shutdown_behavior": "terminate",
            "instance_market_options": [],
            "instance_type": "m5.xlarge",
            "kernel_id": "",
            "key_name": "egov-final-ssh",
            "latest_version": 1,
            "license_specification": [],
            "monitoring": [],
            "name": "template-pb-micro-uat",
            "name_prefix": null,
            "network_interfaces": [],
            "placement": [],
            "ram_disk_id": "",
            "security_group_names": null,
            "tag_specifications": [],
            "tags": null,
            "user_data": "IyEvYmluL2Jhc2gNCnNldCAtbyB4dHJhY2UNCi9ldGMvZWtzL2Jvb3RzdHJhcC5zaCAtLWFwaXNlcnZlci1lbmRwb2ludCAnaHR0cHM6Ly9DMzAyQUU2MTZCMDRCODQyMjExQTFBOTM2MkFBOEMyOS55bDQuYXAtc291dGgtMS5la3MuYW1hem9uYXdzLmNvbScgLS1iNjQtY2x1c3Rlci1jYSAnTFMwdExTMUNSVWRKVGlCRFJWSlVTVVpKUTBGVVJTMHRMUzB0Q2sxSlNVTjVSRU5EUVdKRFowRjNTVUpCWjBsQ1FVUkJUa0puYTNGb2EybEhPWGN3UWtGUmMwWkJSRUZXVFZKTmQwVlJXVVJXVVZGRVJYZHdjbVJYU213S1kyMDFiR1JIVm5wTlFqUllSRlJGTlUxRVdYZE5ha1V6VFhwamVrOVdiMWhFVkVrMVRVUlZlazFFUlROTmVtTjZUMVp2ZDBaVVJWUk5Ra1ZIUVRGVlJRcEJlRTFMWVROV2FWcFlTblZhV0ZKc1kzcERRMEZUU1hkRVVWbEtTMjlhU1doMlkwNUJVVVZDUWxGQlJHZG5SVkJCUkVORFFWRnZRMmRuUlVKQlRWVXhDbXhES3pOaVJGWmlZbWxzYjI0eUwzSmpOa3hXWTJkS1dtTnBObXBKUVVSblRFVllSMUJ1YUZwcU9YaE5URXRpTVZCVWRpdG5kMUZXUmxJclFsUlRRMm9LUXpSdlVuQnBZMmRvVmtodGRVeFRVaXRXWTFoQlZUbFdSRzVHVnpkWGFEY3hWRk5xTTBSd05pczJXbTlpZUhNclVuUlJPVk5TYmtaSVpqYzVjR05QZUFwRmVFcFFORkpDZWs1TFNtMDJWRFJNU2tZd2IwZHVRbUZaV1U5V1lYUjJUVTFpTm5aSVZrOU1OV2RJWkd4UFkzUlVaVEpNUm1KdU1FTlZUVXh0ZEZsSENpOUJSM1ZJVW14SmFsQXpiV0ZFT0ZSTmMwaDVWemd2VXpaeU5XVmhla2M1TUZaRlRuTTFTVk5OU1ZodlQwMVpVakZoUmpocWMwbDJlVlpUUW1WMFRHTUtlSFJPYkhac05FZDJXakp2V0ZGc1oweG5hREkzVkV0S1EyWmpSMWd2YjIwMlMwVnVlbGd6ZDNVNU9YZG5NVUpoVUc5VVpHTnROM1pYTldwS2RWb3ZUUXBVTDJScFVHMXlWRU53U1ZsWFJFNXlXa3hqUTBGM1JVRkJZVTFxVFVORmQwUm5XVVJXVWpCUVFWRklMMEpCVVVSQlowdHJUVUU0UjBFeFZXUkZkMFZDQ2k5M1VVWk5RVTFDUVdZNGQwUlJXVXBMYjFwSmFIWmpUa0ZSUlV4Q1VVRkVaMmRGUWtGSlIya3JSa0poVG1OTmN6WmlaM2hYTTNWemVteEpZMWhtUlhjS1NrVnpRWGRTY2tNdlZHeGtNMWhUYVd4U2FGQXZZbVExT1djMFpUbG5aR0k1YW5keFlsRk5NaXRNZWtkQ1YwRlpkemxZVmpsWFdTOXphVlZCWlhKWFRncHRkVFYzVkV4eFVrNDBUbVJCTUcxcFEwRkZUelZrWVZCMVZXczFUVUl3ZUVGU05VNUVkakJPTkhFMU1qbGxlR0pwTkc1TlpXUnBVWGhhY2k5dmRDdEtDbWxUY25abmVIaE1iM05hV1VkMVJETjVRVXBNYzNkbWFGSm9TVTFYVEVZclJVcHFMek01V2pNeGVEQTBOMkp1WjFab2VXVlRUR3B3SzBoQ2VuSmFTRW9LVWpkNVdsUXZPR1pXY2pWTGFXZExlVUpTUm5sWlREbE9SMDFuZVdoWGEzbDJZbU50ZEd0VlEwcFRNemxWVFdJMFdGbFBTV0ZpUWxkWmJWcEtZMWwxTlFvMVFrWTNZVzl6Um5oTU0zWktZbmd5WVVSa1VWRk5VMjEzWkVsUlYydENURTlrU2pob1ZUUkdiM1ZYWkRaMWNFZGFZWGRPZG5CRFdIVnJiejBLTFMwdExTMUZUa1FnUTBWU1ZFbEdTVU5CVkVVdExTMHRMUW89JyAncGItbWljcm8tdWF0Jw0K",
            "vpc_security_group_ids": [
              "sg-0831131989c1b5e82"
            ]
          },
          "depends_on": [
            "aws_iam_instance_profile.worker_nodes",
            "data.aws_ami.eks_worker",
            "data.template_file.user_data_hw"
          ]
        }
      ]
    },
    {
      "module": "module.network",
      "mode": "managed",
      "type": "aws_nat_gateway",
      "name": "nat",
      "provider": "provider.aws",
      "instances": [
        {
          "schema_version": 0,
          "attributes": {
            "allocation_id": "eipalloc-060678a38c5812998",
            "id": "nat-0dddefa7462571c8c",
            "network_interface_id": "eni-0f2df425841f4cb18",
            "private_ip": "10.0.0.141",
            "public_ip": "13.235.38.122",
            "subnet_id": "subnet-0c144b0ca3edfde37",
            "tags": {
              "KubernetesCluster": "pb-micro-uat",
              "Name": "nat-gw-pb-micro-uat",
              "kubernetes.io/cluster/pb-micro-uat": "owned"
            }
          },
          "depends_on": [
            "aws_eip.eip",
            "aws_internet_gateway.internet_gateway",
            "aws_subnet.public_subnet"
          ]
        }
      ]
    },
    {
      "module": "module.network",
      "mode": "managed",
      "type": "aws_route_table",
      "name": "private_route_table",
      "provider": "provider.aws",
      "instances": [
        {
          "schema_version": 0,
          "attributes": {
            "id": "rtb-072d13b78631121c9",
            "owner_id": "880678429748",
            "propagating_vgws": [],
            "route": [
              {
                "cidr_block": "0.0.0.0/0",
                "egress_only_gateway_id": "",
                "gateway_id": "",
                "instance_id": "",
                "ipv6_cidr_block": "",
                "nat_gateway_id": "nat-0dddefa7462571c8c",
                "network_interface_id": "",
                "transit_gateway_id": "",
                "vpc_peering_connection_id": ""
              }
            ],
            "tags": {
              "KubernetesCluster": "pb-micro-uat",
              "Name": "private-pb-micro-uat-rtb",
              "kubernetes.io/cluster/pb-micro-uat": "owned"
            },
            "vpc_id": "vpc-0deedaa42c8b8c2da"
          },
          "depends_on": [
            "aws_nat_gateway.nat",
            "aws_vpc.vpc"
          ]
        }
      ]
    },
    {
      "module": "module.network",
      "mode": "managed",
      "type": "aws_route_table",
      "name": "public_route_table",
      "provider": "provider.aws",
      "instances": [
        {
          "schema_version": 0,
          "attributes": {
            "id": "rtb-05be47ddc1d932f28",
            "owner_id": "880678429748",
            "propagating_vgws": [],
            "route": [
              {
                "cidr_block": "0.0.0.0/0",
                "egress_only_gateway_id": "",
                "gateway_id": "igw-01eaa2fe0d0f8042a",
                "instance_id": "",
                "ipv6_cidr_block": "",
                "nat_gateway_id": "",
                "network_interface_id": "",
                "transit_gateway_id": "",
                "vpc_peering_connection_id": ""
              }
            ],
            "tags": {
              "KubernetesCluster": "pb-micro-uat",
              "Name": "public-pb-micro-uat-rtb",
              "kubernetes.io/cluster/pb-micro-uat": "owned"
            },
            "vpc_id": "vpc-0deedaa42c8b8c2da"
          },
          "depends_on": [
            "aws_internet_gateway.internet_gateway",
            "aws_vpc.vpc"
          ]
        }
      ]
    },
    {
      "module": "module.network",
      "mode": "managed",
      "type": "aws_route_table_association",
      "name": "private",
      "each": "list",
      "provider": "provider.aws",
      "instances": [
        {
          "index_key": 0,
          "schema_version": 0,
          "attributes": {
            "id": "rtbassoc-087ed9d3ba6d62496",
            "route_table_id": "rtb-072d13b78631121c9",
            "subnet_id": "subnet-0a1839f7ba0da9b49"
          },
          "depends_on": [
            "aws_route_table.private_route_table",
            "aws_subnet.private_subnet"
          ]
        },
        {
          "index_key": 1,
          "schema_version": 0,
          "attributes": {
            "id": "rtbassoc-02a525e692bb23e81",
            "route_table_id": "rtb-072d13b78631121c9",
            "subnet_id": "subnet-0d163942884d520c6"
          },
          "depends_on": [
            "aws_route_table.private_route_table",
            "aws_subnet.private_subnet"
          ]
        },
        {
          "index_key": 2,
          "schema_version": 0,
          "attributes": {
            "id": "rtbassoc-0f4c7aeb6bc67344c",
            "route_table_id": "rtb-072d13b78631121c9",
            "subnet_id": "subnet-0e235be902a0783eb"
          },
          "depends_on": [
            "aws_route_table.private_route_table",
            "aws_subnet.private_subnet"
          ]
        }
      ]
    },
    {
      "module": "module.network",
      "mode": "managed",
      "type": "aws_route_table_association",
      "name": "public",
      "each": "list",
      "provider": "provider.aws",
      "instances": [
        {
          "index_key": 0,
          "schema_version": 0,
          "attributes": {
            "id": "rtbassoc-033586186a7f9b0b0",
            "route_table_id": "rtb-05be47ddc1d932f28",
            "subnet_id": "subnet-0c144b0ca3edfde37"
          },
          "depends_on": [
            "aws_route_table.public_route_table",
            "aws_subnet.public_subnet"
          ]
        },
        {
          "index_key": 1,
          "schema_version": 0,
          "attributes": {
            "id": "rtbassoc-0f3601b0cd2db7ea2",
            "route_table_id": "rtb-05be47ddc1d932f28",
            "subnet_id": "subnet-090fa7f94d11e42b7"
          },
          "depends_on": [
            "aws_route_table.public_route_table",
            "aws_subnet.public_subnet"
          ]
        },
        {
          "index_key": 2,
          "schema_version": 0,
          "attributes": {
            "id": "rtbassoc-0f850dfafea7c4cbd",
            "route_table_id": "rtb-05be47ddc1d932f28",
            "subnet_id": "subnet-0e9e422cc00582488"
          },
          "depends_on": [
            "aws_route_table.public_route_table",
            "aws_subnet.public_subnet"
          ]
        }
      ]
    },
    {
      "module": "module.network",
      "mode": "managed",
      "type": "aws_security_group",
      "name": "master_nodes_sg",
      "provider": "provider.aws",
      "instances": [
        {
          "schema_version": 1,
          "attributes": {
            "arn": "arn:aws:ec2:ap-south-1:880678429748:security-group/sg-0a1533642a876ac80",
            "description": "Master nodes security group",
            "egress": [],
            "id": "sg-0a1533642a876ac80",
            "ingress": [],
            "name": "masters-pb-micro-uat",
            "name_prefix": null,
            "owner_id": "880678429748",
            "revoke_rules_on_delete": false,
            "tags": {
              "KubernetesCluster": "pb-micro-uat",
              "Name": "masters-pb-micro-uat",
              "kubernetes.io/cluster/pb-micro-uat": "owned"
            },
            "timeouts": null,
            "vpc_id": "vpc-0deedaa42c8b8c2da"
          },
          "depends_on": [
            "aws_vpc.vpc"
          ]
        }
      ]
    },
    {
      "module": "module.network",
      "mode": "managed",
      "type": "aws_security_group",
      "name": "worker_nodes_sg",
      "provider": "provider.aws",
      "instances": [
        {
          "schema_version": 1,
          "attributes": {
            "arn": "arn:aws:ec2:ap-south-1:880678429748:security-group/sg-0831131989c1b5e82",
            "description": "Security group for all worker nodes in the cluster",
            "egress": [
              {
                "cidr_blocks": [
                  "0.0.0.0/0"
                ],
                "description": "",
                "from_port": 0,
                "ipv6_cidr_blocks": [],
                "prefix_list_ids": [],
                "protocol": "-1",
                "security_groups": [],
                "self": false,
                "to_port": 0
              }
            ],
            "id": "sg-0831131989c1b5e82",
            "ingress": [],
            "name": "nodes-pb-micro-uat",
            "name_prefix": null,
            "owner_id": "880678429748",
            "revoke_rules_on_delete": false,
            "tags": {
              "KubernetesCluster": "pb-micro-uat",
              "Name": "nodes-pb-micro-uat",
              "kubernetes.io/cluster/pb-micro-uat": "owned"
            },
            "timeouts": null,
            "vpc_id": "vpc-0deedaa42c8b8c2da"
          },
          "depends_on": [
            "aws_vpc.vpc"
          ]
        }
      ]
    },
    {
      "module": "module.network",
      "mode": "managed",
      "type": "aws_security_group_rule",
      "name": "master_nodes_egress_workers",
      "provider": "provider.aws",
      "instances": [
        {
          "schema_version": 2,
          "attributes": {
            "cidr_blocks": null,
            "description": "Allow outbound traffic to worker nodes",
            "from_port": 10250,
            "id": "sgrule-351381882",
            "ipv6_cidr_blocks": null,
            "prefix_list_ids": null,
            "protocol": "tcp",
            "security_group_id": "sg-0a1533642a876ac80",
            "self": false,
            "source_security_group_id": "sg-0831131989c1b5e82",
            "to_port": 65535,
            "type": "egress"
          },
          "depends_on": [
            "aws_security_group.master_nodes_sg",
            "aws_security_group.worker_nodes_sg"
          ]
        }
      ]
    },
    {
      "module": "module.network",
      "mode": "managed",
      "type": "aws_security_group_rule",
      "name": "master_nodes_ingress_workers",
      "provider": "provider.aws",
      "instances": [
        {
          "schema_version": 2,
          "attributes": {
            "cidr_blocks": null,
            "description": "Allow worker nodes to communicate with cluster API server",
            "from_port": 443,
            "id": "sgrule-2955483366",
            "ipv6_cidr_blocks": null,
            "prefix_list_ids": null,
            "protocol": "tcp",
            "security_group_id": "sg-0a1533642a876ac80",
            "self": false,
            "source_security_group_id": "sg-0831131989c1b5e82",
            "to_port": 443,
            "type": "ingress"
          },
          "depends_on": [
            "aws_security_group.master_nodes_sg",
            "aws_security_group.worker_nodes_sg"
          ]
        }
      ]
    },
    {
      "module": "module.network",
      "mode": "managed",
      "type": "aws_security_group_rule",
      "name": "worker_nodes_ingress_cluster",
      "provider": "provider.aws",
      "instances": [
        {
          "schema_version": 2,
          "attributes": {
            "cidr_blocks": null,
            "description": "Allow worker Kubelets and pods to receive communication from the cluster control plane",
            "from_port": 1025,
            "id": "sgrule-1657486582",
            "ipv6_cidr_blocks": null,
            "prefix_list_ids": null,
            "protocol": "tcp",
            "security_group_id": "sg-0831131989c1b5e82",
            "self": false,
            "source_security_group_id": "sg-0a1533642a876ac80",
            "to_port": 65535,
            "type": "ingress"
          },
          "depends_on": [
            "aws_security_group.master_nodes_sg",
            "aws_security_group.worker_nodes_sg"
          ]
        }
      ]
    },
    {
      "module": "module.network",
      "mode": "managed",
      "type": "aws_security_group_rule",
      "name": "worker_nodes_ingress_self",
      "provider": "provider.aws",
      "instances": [
        {
          "schema_version": 2,
          "attributes": {
            "cidr_blocks": null,
            "description": "Allow node to communicate with each other",
            "from_port": 0,
            "id": "sgrule-3798739914",
            "ipv6_cidr_blocks": null,
            "prefix_list_ids": null,
            "protocol": "-1",
            "security_group_id": "sg-0831131989c1b5e82",
            "self": false,
            "source_security_group_id": "sg-0831131989c1b5e82",
            "to_port": 65535,
            "type": "ingress"
          },
          "depends_on": [
            "aws_security_group.worker_nodes_sg"
          ]
        }
      ]
    },
    {
      "module": "module.network",
      "mode": "managed",
      "type": "aws_subnet",
      "name": "private_subnet",
      "each": "list",
      "provider": "provider.aws",
      "instances": [
        {
          "index_key": 0,
          "schema_version": 1,
          "attributes": {
            "arn": "arn:aws:ec2:ap-south-1:880678429748:subnet/subnet-0a1839f7ba0da9b49",
            "assign_ipv6_address_on_creation": false,
            "availability_zone": "ap-south-1a",
            "availability_zone_id": "aps1-az1",
            "cidr_block": "10.0.64.0/19",
            "id": "subnet-0a1839f7ba0da9b49",
            "ipv6_cidr_block": "",
            "ipv6_cidr_block_association_id": "",
            "map_public_ip_on_launch": false,
            "owner_id": "880678429748",
            "tags": {
              "KubernetesCluster": "pb-micro-uat",
              "Name": "ap-south-1a-pb-micro-uat",
              "SubnetType": "Private",
              "kubernetes.io/cluster/pb-micro-uat": "owned",
              "kubernetes.io/role/internal-elb": "1"
            },
            "timeouts": null,
            "vpc_id": "vpc-0deedaa42c8b8c2da"
          },
          "depends_on": [
            "aws_vpc.vpc"
          ]
        },
        {
          "index_key": 1,
          "schema_version": 1,
          "attributes": {
            "arn": "arn:aws:ec2:ap-south-1:880678429748:subnet/subnet-0d163942884d520c6",
            "assign_ipv6_address_on_creation": false,
            "availability_zone": "ap-south-1b",
            "availability_zone_id": "aps1-az3",
            "cidr_block": "10.0.96.0/19",
            "id": "subnet-0d163942884d520c6",
            "ipv6_cidr_block": "",
            "ipv6_cidr_block_association_id": "",
            "map_public_ip_on_launch": false,
            "owner_id": "880678429748",
            "tags": {
              "KubernetesCluster": "pb-micro-uat",
              "Name": "ap-south-1b-pb-micro-uat",
              "SubnetType": "Private",
              "kubernetes.io/cluster/pb-micro-uat": "owned",
              "kubernetes.io/role/internal-elb": "1"
            },
            "timeouts": null,
            "vpc_id": "vpc-0deedaa42c8b8c2da"
          },
          "depends_on": [
            "aws_vpc.vpc"
          ]
        },
        {
          "index_key": 2,
          "schema_version": 1,
          "attributes": {
            "arn": "arn:aws:ec2:ap-south-1:880678429748:subnet/subnet-0e235be902a0783eb",
            "assign_ipv6_address_on_creation": false,
            "availability_zone": "ap-south-1c",
            "availability_zone_id": "aps1-az2",
            "cidr_block": "10.0.128.0/19",
            "id": "subnet-0e235be902a0783eb",
            "ipv6_cidr_block": "",
            "ipv6_cidr_block_association_id": "",
            "map_public_ip_on_launch": false,
            "owner_id": "880678429748",
            "tags": {
              "KubernetesCluster": "pb-micro-uat",
              "Name": "ap-south-1c-pb-micro-uat",
              "SubnetType": "Private",
              "kubernetes.io/cluster/pb-micro-uat": "owned",
              "kubernetes.io/role/internal-elb": "1"
            },
            "timeouts": null,
            "vpc_id": "vpc-0deedaa42c8b8c2da"
          },
          "depends_on": [
            "aws_vpc.vpc"
          ]
        }
      ]
    },
    {
      "module": "module.network",
      "mode": "managed",
      "type": "aws_subnet",
      "name": "public_subnet",
      "each": "list",
      "provider": "provider.aws",
      "instances": [
        {
          "index_key": 0,
          "schema_version": 1,
          "attributes": {
            "arn": "arn:aws:ec2:ap-south-1:880678429748:subnet/subnet-0c144b0ca3edfde37",
            "assign_ipv6_address_on_creation": false,
            "availability_zone": "ap-south-1a",
            "availability_zone_id": "aps1-az1",
            "cidr_block": "10.0.0.0/21",
            "id": "subnet-0c144b0ca3edfde37",
            "ipv6_cidr_block": "",
            "ipv6_cidr_block_association_id": "",
            "map_public_ip_on_launch": false,
            "owner_id": "880678429748",
            "tags": {
              "KubernetesCluster": "pb-micro-uat",
              "Name": "utility-ap-south-1a-pb-micro-uat",
              "SubnetType": "Utility",
              "kubernetes.io/cluster/pb-micro-uat": "owned",
              "kubernetes.io/role/elb": "1"
            },
            "timeouts": null,
            "vpc_id": "vpc-0deedaa42c8b8c2da"
          },
          "depends_on": [
            "aws_vpc.vpc"
          ]
        },
        {
          "index_key": 1,
          "schema_version": 1,
          "attributes": {
            "arn": "arn:aws:ec2:ap-south-1:880678429748:subnet/subnet-090fa7f94d11e42b7",
            "assign_ipv6_address_on_creation": false,
            "availability_zone": "ap-south-1b",
            "availability_zone_id": "aps1-az3",
            "cidr_block": "10.0.8.0/21",
            "id": "subnet-090fa7f94d11e42b7",
            "ipv6_cidr_block": "",
            "ipv6_cidr_block_association_id": "",
            "map_public_ip_on_launch": false,
            "owner_id": "880678429748",
            "tags": {
              "KubernetesCluster": "pb-micro-uat",
              "Name": "utility-ap-south-1b-pb-micro-uat",
              "SubnetType": "Utility",
              "kubernetes.io/cluster/pb-micro-uat": "owned",
              "kubernetes.io/role/elb": "1"
            },
            "timeouts": null,
            "vpc_id": "vpc-0deedaa42c8b8c2da"
          },
          "depends_on": [
            "aws_vpc.vpc"
          ]
        },
        {
          "index_key": 2,
          "schema_version": 1,
          "attributes": {
            "arn": "arn:aws:ec2:ap-south-1:880678429748:subnet/subnet-0e9e422cc00582488",
            "assign_ipv6_address_on_creation": false,
            "availability_zone": "ap-south-1c",
            "availability_zone_id": "aps1-az2",
            "cidr_block": "10.0.16.0/21",
            "id": "subnet-0e9e422cc00582488",
            "ipv6_cidr_block": "",
            "ipv6_cidr_block_association_id": "",
            "map_public_ip_on_launch": false,
            "owner_id": "880678429748",
            "tags": {
              "KubernetesCluster": "pb-micro-uat",
              "Name": "utility-ap-south-1c-pb-micro-uat",
              "SubnetType": "Utility",
              "kubernetes.io/cluster/pb-micro-uat": "owned",
              "kubernetes.io/role/elb": "1"
            },
            "timeouts": null,
            "vpc_id": "vpc-0deedaa42c8b8c2da"
          },
          "depends_on": [
            "aws_vpc.vpc"
          ]
        }
      ]
    },
    {
      "module": "module.network",
      "mode": "managed",
      "type": "aws_vpc",
      "name": "vpc",
      "provider": "provider.aws",
      "instances": [
        {
          "schema_version": 1,
          "attributes": {
            "arn": "arn:aws:ec2:ap-south-1:880678429748:vpc/vpc-0deedaa42c8b8c2da",
            "assign_generated_ipv6_cidr_block": false,
            "cidr_block": "10.0.0.0/16",
            "default_network_acl_id": "acl-021871ce933344b70",
            "default_route_table_id": "rtb-0b5a158f11f872f8d",
            "default_security_group_id": "sg-0cb74c269f321ef48",
            "dhcp_options_id": "dopt-2c799845",
            "enable_classiclink": null,
            "enable_classiclink_dns_support": null,
            "enable_dns_hostnames": true,
            "enable_dns_support": true,
            "id": "vpc-0deedaa42c8b8c2da",
            "instance_tenancy": "default",
            "ipv6_association_id": "",
            "ipv6_cidr_block": "",
            "main_route_table_id": "rtb-0b5a158f11f872f8d",
            "owner_id": "880678429748",
            "tags": {
              "Name": "pb-micro-uat",
              "kubernetes.io/cluster/pb-micro-uat": "shared"
            }
          }
        }
      ]
    }
  ]
}
