{
  "version": 4,
  "terraform_version": "0.12.19",
  "serial": 20,
  "lineage": "2e3bed5e-b241-4c04-62c4-bb0fd19ee7a5",
  "outputs": {
    "es_data_vol_ids": {
      "value": [
        "ad5ae563-49f8-40e3-bd26-a1ce3f920a4b",
        "0c65da70-b013-4f10-9e78-7fcc34314122",
        "c3d38e49-362f-4ad3-9fcd-35a3027ea2e3"
      ],
      "type": [
        "tuple",
        [
          "string",
          "string",
          "string"
        ]
      ]
    },
    "es_master_infra_vol_ids": {
      "value": [
        "d3749209-496b-4529-8be2-6026f4bb4b8c",
        "8effd81f-6aed-4d3f-9ddf-30eeeb1b4837",
        "d6c2794c-96d4-4d08-8147-f60130f2ba0b"
      ],
      "type": [
        "tuple",
        [
          "string",
          "string",
          "string"
        ]
      ]
    },
    "es_master_vol_ids": {
      "value": [
        "961644d1-5234-481b-8292-38b55aee90fa",
        "2bd63da9-3f60-4939-a00a-be3392bc4691",
        "105c2759-0b4b-4722-9fb7-48f73baa1006"
      ],
      "type": [
        "tuple",
        [
          "string",
          "string",
          "string"
        ]
      ]
    },
    "kafka_infra_vol_ids": {
      "value": [
        "bbf9382a-cd8e-465c-bdbb-456f0b4a8a74",
        "9af163cc-ce30-483d-821f-75cc15ae6bbe",
        "97467c85-7f7f-4d8c-8f5f-f52c69345df7"
      ],
      "type": [
        "tuple",
        [
          "string",
          "string",
          "string"
        ]
      ]
    },
    "kafka_vol_ids": {
      "value": [
        "d6152f4b-b727-4779-902e-2295f1dc1962",
        "d79f8cd9-c3af-47af-9880-7df25a66625b",
        "075107cf-8968-4841-b993-20dc13bfc880"
      ],
      "type": [
        "tuple",
        [
          "string",
          "string",
          "string"
        ]
      ]
    },
    "zookeeper_vol_ids": {
      "value": [
        "de99683c-2435-4c38-b864-897d8e84d086",
        "4a44cbd1-0823-42ea-b317-5bee930127f9",
        "1337f8ea-23aa-4b45-adc9-744789dbc046"
      ],
      "type": [
        "tuple",
        [
          "string",
          "string",
          "string"
        ]
      ]
    }
  },
  "resources": [
    {
      "module": "module.kafka",
      "mode": "managed",
      "type": "openstack_blockstorage_volume_v2",
      "name": "vol",
      "each": "list",
      "provider": "provider.openstack",
      "instances": [
        {
          "index_key": 0,
          "schema_version": 0,
          "attributes": {
            "attachment": [],
            "availability_zone": "nova",
            "consistency_group_id": null,
            "description": "",
            "id": "d6152f4b-b727-4779-902e-2295f1dc1962",
            "image_id": null,
            "metadata": {
              "KubernetesCluster": "bihar-prod",
              "Name": "kafka-0"
            },
            "name": "kafka-0",
            "region": "regionOne",
            "size": 25,
            "snapshot_id": "",
            "source_replica": null,
            "source_vol_id": "",
            "timeouts": null,
            "volume_type": ""
          },
          "private": "eyJlMmJmYjczMC1lY2FhLTExZTYtOGY4OC0zNDM2M2JjN2M0YzAiOnsiY3JlYXRlIjo2MDAwMDAwMDAwMDAsImRlbGV0ZSI6NjAwMDAwMDAwMDAwfX0="
        },
        {
          "index_key": 1,
          "schema_version": 0,
          "attributes": {
            "attachment": [],
            "availability_zone": "nova",
            "consistency_group_id": null,
            "description": "",
            "id": "d79f8cd9-c3af-47af-9880-7df25a66625b",
            "image_id": null,
            "metadata": {
              "KubernetesCluster": "bihar-prod",
              "Name": "kafka-1"
            },
            "name": "kafka-1",
            "region": "regionOne",
            "size": 25,
            "snapshot_id": "",
            "source_replica": null,
            "source_vol_id": "",
            "timeouts": null,
            "volume_type": ""
          },
          "private": "eyJlMmJmYjczMC1lY2FhLTExZTYtOGY4OC0zNDM2M2JjN2M0YzAiOnsiY3JlYXRlIjo2MDAwMDAwMDAwMDAsImRlbGV0ZSI6NjAwMDAwMDAwMDAwfX0="
        },
        {
          "index_key": 2,
          "schema_version": 0,
          "attributes": {
            "attachment": [],
            "availability_zone": "nova",
            "consistency_group_id": null,
            "description": "",
            "id": "075107cf-8968-4841-b993-20dc13bfc880",
            "image_id": null,
            "metadata": {
              "KubernetesCluster": "bihar-prod",
              "Name": "kafka-2"
            },
            "name": "kafka-2",
            "region": "regionOne",
            "size": 25,
            "snapshot_id": "",
            "source_replica": null,
            "source_vol_id": "",
            "timeouts": null,
            "volume_type": ""
          },
          "private": "eyJlMmJmYjczMC1lY2FhLTExZTYtOGY4OC0zNDM2M2JjN2M0YzAiOnsiY3JlYXRlIjo2MDAwMDAwMDAwMDAsImRlbGV0ZSI6NjAwMDAwMDAwMDAwfX0="
        }
      ]
    },
    {
      "module": "module.zookeeper",
      "mode": "managed",
      "type": "openstack_blockstorage_volume_v2",
      "name": "vol",
      "each": "list",
      "provider": "provider.openstack",
      "instances": [
        {
          "index_key": 0,
          "schema_version": 0,
          "attributes": {
            "attachment": [],
            "availability_zone": "nova",
            "consistency_group_id": null,
            "description": "",
            "id": "de99683c-2435-4c38-b864-897d8e84d086",
            "image_id": null,
            "metadata": {
              "KubernetesCluster": "bihar-prod",
              "Name": "zookeeper-0"
            },
            "name": "zookeeper-0",
            "region": "regionOne",
            "size": 5,
            "snapshot_id": "",
            "source_replica": null,
            "source_vol_id": "",
            "timeouts": null,
            "volume_type": ""
          },
          "private": "eyJlMmJmYjczMC1lY2FhLTExZTYtOGY4OC0zNDM2M2JjN2M0YzAiOnsiY3JlYXRlIjo2MDAwMDAwMDAwMDAsImRlbGV0ZSI6NjAwMDAwMDAwMDAwfX0="
        },
        {
          "index_key": 1,
          "schema_version": 0,
          "attributes": {
            "attachment": [],
            "availability_zone": "nova",
            "consistency_group_id": null,
            "description": "",
            "id": "4a44cbd1-0823-42ea-b317-5bee930127f9",
            "image_id": null,
            "metadata": {
              "KubernetesCluster": "bihar-prod",
              "Name": "zookeeper-1"
            },
            "name": "zookeeper-1",
            "region": "regionOne",
            "size": 5,
            "snapshot_id": "",
            "source_replica": null,
            "source_vol_id": "",
            "timeouts": null,
            "volume_type": ""
          },
          "private": "eyJlMmJmYjczMC1lY2FhLTExZTYtOGY4OC0zNDM2M2JjN2M0YzAiOnsiY3JlYXRlIjo2MDAwMDAwMDAwMDAsImRlbGV0ZSI6NjAwMDAwMDAwMDAwfX0="
        },
        {
          "index_key": 2,
          "schema_version": 0,
          "attributes": {
            "attachment": [],
            "availability_zone": "nova",
            "consistency_group_id": null,
            "description": "",
            "id": "1337f8ea-23aa-4b45-adc9-744789dbc046",
            "image_id": null,
            "metadata": {
              "KubernetesCluster": "bihar-prod",
              "Name": "zookeeper-2"
            },
            "name": "zookeeper-2",
            "region": "regionOne",
            "size": 5,
            "snapshot_id": "",
            "source_replica": null,
            "source_vol_id": "",
            "timeouts": null,
            "volume_type": ""
          },
          "private": "eyJlMmJmYjczMC1lY2FhLTExZTYtOGY4OC0zNDM2M2JjN2M0YzAiOnsiY3JlYXRlIjo2MDAwMDAwMDAwMDAsImRlbGV0ZSI6NjAwMDAwMDAwMDAwfX0="
        }
      ]
    },
    {
      "module": "module.es-master",
      "mode": "managed",
      "type": "openstack_blockstorage_volume_v2",
      "name": "vol",
      "each": "list",
      "provider": "provider.openstack",
      "instances": [
        {
          "index_key": 0,
          "schema_version": 0,
          "attributes": {
            "attachment": [],
            "availability_zone": "nova",
            "consistency_group_id": null,
            "description": "",
            "id": "961644d1-5234-481b-8292-38b55aee90fa",
            "image_id": null,
            "metadata": {
              "KubernetesCluster": "bihar-prod",
              "Name": "es-master-0"
            },
            "name": "es-master-0",
            "region": "regionOne",
            "size": 2,
            "snapshot_id": "",
            "source_replica": null,
            "source_vol_id": "",
            "timeouts": null,
            "volume_type": ""
          },
          "private": "eyJlMmJmYjczMC1lY2FhLTExZTYtOGY4OC0zNDM2M2JjN2M0YzAiOnsiY3JlYXRlIjo2MDAwMDAwMDAwMDAsImRlbGV0ZSI6NjAwMDAwMDAwMDAwfX0="
        },
        {
          "index_key": 1,
          "schema_version": 0,
          "attributes": {
            "attachment": [],
            "availability_zone": "nova",
            "consistency_group_id": null,
            "description": "",
            "id": "2bd63da9-3f60-4939-a00a-be3392bc4691",
            "image_id": null,
            "metadata": {
              "KubernetesCluster": "bihar-prod",
              "Name": "es-master-1"
            },
            "name": "es-master-1",
            "region": "regionOne",
            "size": 2,
            "snapshot_id": "",
            "source_replica": null,
            "source_vol_id": "",
            "timeouts": null,
            "volume_type": ""
          },
          "private": "eyJlMmJmYjczMC1lY2FhLTExZTYtOGY4OC0zNDM2M2JjN2M0YzAiOnsiY3JlYXRlIjo2MDAwMDAwMDAwMDAsImRlbGV0ZSI6NjAwMDAwMDAwMDAwfX0="
        },
        {
          "index_key": 2,
          "schema_version": 0,
          "attributes": {
            "attachment": [],
            "availability_zone": "nova",
            "consistency_group_id": null,
            "description": "",
            "id": "105c2759-0b4b-4722-9fb7-48f73baa1006",
            "image_id": null,
            "metadata": {
              "KubernetesCluster": "bihar-prod",
              "Name": "es-master-2"
            },
            "name": "es-master-2",
            "region": "regionOne",
            "size": 2,
            "snapshot_id": "",
            "source_replica": null,
            "source_vol_id": "",
            "timeouts": null,
            "volume_type": ""
          },
          "private": "eyJlMmJmYjczMC1lY2FhLTExZTYtOGY4OC0zNDM2M2JjN2M0YzAiOnsiY3JlYXRlIjo2MDAwMDAwMDAwMDAsImRlbGV0ZSI6NjAwMDAwMDAwMDAwfX0="
        }
      ]
    },
    {
      "module": "module.es-data-infra",
      "mode": "managed",
      "type": "openstack_blockstorage_volume_v2",
      "name": "vol",
      "each": "list",
      "provider": "provider.openstack",
      "instances": [
        {
          "index_key": 1,
          "schema_version": 0,
          "attributes": {
            "attachment": [],
            "availability_zone": "nova",
            "consistency_group_id": null,
            "description": "",
            "id": "71714cec-4f3e-43a1-b3e7-d07fab98a444",
            "image_id": null,
            "metadata": {
              "KubernetesCluster": "bihar-prod",
              "Name": "es-data-infra-1"
            },
            "name": "es-data-infra-1",
            "region": "regionOne",
            "size": 50,
            "snapshot_id": "",
            "source_replica": null,
            "source_vol_id": "",
            "timeouts": null,
            "volume_type": ""
          },
          "private": "eyJlMmJmYjczMC1lY2FhLTExZTYtOGY4OC0zNDM2M2JjN2M0YzAiOnsiY3JlYXRlIjo2MDAwMDAwMDAwMDAsImRlbGV0ZSI6NjAwMDAwMDAwMDAwfX0="
        }
      ]
    },
    {
      "module": "module.kafka-infra",
      "mode": "managed",
      "type": "openstack_blockstorage_volume_v2",
      "name": "vol",
      "each": "list",
      "provider": "provider.openstack",
      "instances": [
        {
          "index_key": 0,
          "schema_version": 0,
          "attributes": {
            "attachment": [],
            "availability_zone": "nova",
            "consistency_group_id": null,
            "description": "",
            "id": "bbf9382a-cd8e-465c-bdbb-456f0b4a8a74",
            "image_id": null,
            "metadata": {
              "KubernetesCluster": "bihar-prod",
              "Name": "kafka-infra-0"
            },
            "name": "kafka-infra-0",
            "region": "regionOne",
            "size": 50,
            "snapshot_id": "",
            "source_replica": null,
            "source_vol_id": "",
            "timeouts": null,
            "volume_type": ""
          },
          "private": "eyJlMmJmYjczMC1lY2FhLTExZTYtOGY4OC0zNDM2M2JjN2M0YzAiOnsiY3JlYXRlIjo2MDAwMDAwMDAwMDAsImRlbGV0ZSI6NjAwMDAwMDAwMDAwfX0="
        },
        {
          "index_key": 1,
          "schema_version": 0,
          "attributes": {
            "attachment": [],
            "availability_zone": "nova",
            "consistency_group_id": null,
            "description": "",
            "id": "9af163cc-ce30-483d-821f-75cc15ae6bbe",
            "image_id": null,
            "metadata": {
              "KubernetesCluster": "bihar-prod",
              "Name": "kafka-infra-1"
            },
            "name": "kafka-infra-1",
            "region": "regionOne",
            "size": 50,
            "snapshot_id": "",
            "source_replica": null,
            "source_vol_id": "",
            "timeouts": null,
            "volume_type": ""
          },
          "private": "eyJlMmJmYjczMC1lY2FhLTExZTYtOGY4OC0zNDM2M2JjN2M0YzAiOnsiY3JlYXRlIjo2MDAwMDAwMDAwMDAsImRlbGV0ZSI6NjAwMDAwMDAwMDAwfX0="
        },
        {
          "index_key": 2,
          "schema_version": 0,
          "attributes": {
            "attachment": [],
            "availability_zone": "nova",
            "consistency_group_id": null,
            "description": "",
            "id": "97467c85-7f7f-4d8c-8f5f-f52c69345df7",
            "image_id": null,
            "metadata": {
              "KubernetesCluster": "bihar-prod",
              "Name": "kafka-infra-2"
            },
            "name": "kafka-infra-2",
            "region": "regionOne",
            "size": 50,
            "snapshot_id": "",
            "source_replica": null,
            "source_vol_id": "",
            "timeouts": null,
            "volume_type": ""
          },
          "private": "eyJlMmJmYjczMC1lY2FhLTExZTYtOGY4OC0zNDM2M2JjN2M0YzAiOnsiY3JlYXRlIjo2MDAwMDAwMDAwMDAsImRlbGV0ZSI6NjAwMDAwMDAwMDAwfX0="
        }
      ]
    },
    {
      "module": "module.es-data",
      "mode": "managed",
      "type": "openstack_blockstorage_volume_v2",
      "name": "vol",
      "each": "list",
      "provider": "provider.openstack",
      "instances": [
        {
          "index_key": 0,
          "schema_version": 0,
          "attributes": {
            "attachment": [],
            "availability_zone": "nova",
            "consistency_group_id": null,
            "description": "",
            "id": "ad5ae563-49f8-40e3-bd26-a1ce3f920a4b",
            "image_id": null,
            "metadata": {
              "KubernetesCluster": "bihar-prod",
              "Name": "es-data-0"
            },
            "name": "es-data-0",
            "region": "regionOne",
            "size": 25,
            "snapshot_id": "",
            "source_replica": null,
            "source_vol_id": "",
            "timeouts": null,
            "volume_type": ""
          },
          "private": "eyJlMmJmYjczMC1lY2FhLTExZTYtOGY4OC0zNDM2M2JjN2M0YzAiOnsiY3JlYXRlIjo2MDAwMDAwMDAwMDAsImRlbGV0ZSI6NjAwMDAwMDAwMDAwfX0="
        },
        {
          "index_key": 1,
          "schema_version": 0,
          "attributes": {
            "attachment": [],
            "availability_zone": "nova",
            "consistency_group_id": null,
            "description": "",
            "id": "0c65da70-b013-4f10-9e78-7fcc34314122",
            "image_id": null,
            "metadata": {
              "KubernetesCluster": "bihar-prod",
              "Name": "es-data-1"
            },
            "name": "es-data-1",
            "region": "regionOne",
            "size": 25,
            "snapshot_id": "",
            "source_replica": null,
            "source_vol_id": "",
            "timeouts": null,
            "volume_type": ""
          },
          "private": "eyJlMmJmYjczMC1lY2FhLTExZTYtOGY4OC0zNDM2M2JjN2M0YzAiOnsiY3JlYXRlIjo2MDAwMDAwMDAwMDAsImRlbGV0ZSI6NjAwMDAwMDAwMDAwfX0="
        },
        {
          "index_key": 2,
          "schema_version": 0,
          "attributes": {
            "attachment": [],
            "availability_zone": "nova",
            "consistency_group_id": null,
            "description": "",
            "id": "c3d38e49-362f-4ad3-9fcd-35a3027ea2e3",
            "image_id": null,
            "metadata": {
              "KubernetesCluster": "bihar-prod",
              "Name": "es-data-2"
            },
            "name": "es-data-2",
            "region": "regionOne",
            "size": 25,
            "snapshot_id": "",
            "source_replica": null,
            "source_vol_id": "",
            "timeouts": null,
            "volume_type": ""
          },
          "private": "eyJlMmJmYjczMC1lY2FhLTExZTYtOGY4OC0zNDM2M2JjN2M0YzAiOnsiY3JlYXRlIjo2MDAwMDAwMDAwMDAsImRlbGV0ZSI6NjAwMDAwMDAwMDAwfX0="
        }
      ]
    },
    {
      "module": "module.es-master-infra",
      "mode": "managed",
      "type": "openstack_blockstorage_volume_v2",
      "name": "vol",
      "each": "list",
      "provider": "provider.openstack",
      "instances": [
        {
          "index_key": 0,
          "schema_version": 0,
          "attributes": {
            "attachment": [],
            "availability_zone": "nova",
            "consistency_group_id": null,
            "description": "",
            "id": "d3749209-496b-4529-8be2-6026f4bb4b8c",
            "image_id": null,
            "metadata": {
              "KubernetesCluster": "bihar-prod",
              "Name": "es-master-infra-0"
            },
            "name": "es-master-infra-0",
            "region": "regionOne",
            "size": 2,
            "snapshot_id": "",
            "source_replica": null,
            "source_vol_id": "",
            "timeouts": null,
            "volume_type": ""
          },
          "private": "eyJlMmJmYjczMC1lY2FhLTExZTYtOGY4OC0zNDM2M2JjN2M0YzAiOnsiY3JlYXRlIjo2MDAwMDAwMDAwMDAsImRlbGV0ZSI6NjAwMDAwMDAwMDAwfX0="
        },
        {
          "index_key": 1,
          "schema_version": 0,
          "attributes": {
            "attachment": [],
            "availability_zone": "nova",
            "consistency_group_id": null,
            "description": "",
            "id": "8effd81f-6aed-4d3f-9ddf-30eeeb1b4837",
            "image_id": null,
            "metadata": {
              "KubernetesCluster": "bihar-prod",
              "Name": "es-master-infra-1"
            },
            "name": "es-master-infra-1",
            "region": "regionOne",
            "size": 2,
            "snapshot_id": "",
            "source_replica": null,
            "source_vol_id": "",
            "timeouts": null,
            "volume_type": ""
          },
          "private": "eyJlMmJmYjczMC1lY2FhLTExZTYtOGY4OC0zNDM2M2JjN2M0YzAiOnsiY3JlYXRlIjo2MDAwMDAwMDAwMDAsImRlbGV0ZSI6NjAwMDAwMDAwMDAwfX0="
        },
        {
          "index_key": 2,
          "schema_version": 0,
          "attributes": {
            "attachment": [],
            "availability_zone": "nova",
            "consistency_group_id": null,
            "description": "",
            "id": "d6c2794c-96d4-4d08-8147-f60130f2ba0b",
            "image_id": null,
            "metadata": {
              "KubernetesCluster": "bihar-prod",
              "Name": "es-master-infra-2"
            },
            "name": "es-master-infra-2",
            "region": "regionOne",
            "size": 2,
            "snapshot_id": "",
            "source_replica": null,
            "source_vol_id": "",
            "timeouts": null,
            "volume_type": ""
          },
          "private": "eyJlMmJmYjczMC1lY2FhLTExZTYtOGY4OC0zNDM2M2JjN2M0YzAiOnsiY3JlYXRlIjo2MDAwMDAwMDAwMDAsImRlbGV0ZSI6NjAwMDAwMDAwMDAwfX0="
        }
      ]
    }
  ]
}
